// !$*UTF8*$!
{
	archiveVersion = 1;
	classes = {
	};
	objectVersion = 56;
	objects = {

/* Begin PBXBuildFile section */
		202B4C40291B70D70078A03E /* SummonerRegisterViewModel.swift in Sources */ = {isa = PBXBuildFile; fileRef = 202B4C3F291B70D70078A03E /* SummonerRegisterViewModel.swift */; };
		202B4C42291B71860078A03E /* ErrorAlertController.swift in Sources */ = {isa = PBXBuildFile; fileRef = 202B4C41291B71860078A03E /* ErrorAlertController.swift */; };
		202B4C45291B71CC0078A03E /* AlertViewModel.swift in Sources */ = {isa = PBXBuildFile; fileRef = 202B4C44291B71CC0078A03E /* AlertViewModel.swift */; };
		202B4C47291B76510078A03E /* SummonerRegisterViewDelegate.swift in Sources */ = {isa = PBXBuildFile; fileRef = 202B4C46291B76510078A03E /* SummonerRegisterViewDelegate.swift */; };
		2033279D28FE7479005EF522 /* ButtonBuilder.swift in Sources */ = {isa = PBXBuildFile; fileRef = 2033279C28FE7479005EF522 /* ButtonBuilder.swift */; };
		2033279F28FEA531005EF522 /* TabBarController.swift in Sources */ = {isa = PBXBuildFile; fileRef = 2033279E28FEA531005EF522 /* TabBarController.swift */; };
		20336A2D29150B29001BDF7D /* APIRequest.swift in Sources */ = {isa = PBXBuildFile; fileRef = 20336A2C29150B29001BDF7D /* APIRequest.swift */; };
		20336A2F29150C14001BDF7D /* URLHost.swift in Sources */ = {isa = PBXBuildFile; fileRef = 20336A2E29150C14001BDF7D /* URLHost.swift */; };
		20336A3129150C2F001BDF7D /* URLPath.swift in Sources */ = {isa = PBXBuildFile; fileRef = 20336A3029150C2F001BDF7D /* URLPath.swift */; };
		20336A3329150C48001BDF7D /* HTTPMethod.swift in Sources */ = {isa = PBXBuildFile; fileRef = 20336A3229150C48001BDF7D /* HTTPMethod.swift */; };
		20336A3529150C5C001BDF7D /* APIError.swift in Sources */ = {isa = PBXBuildFile; fileRef = 20336A3429150C5C001BDF7D /* APIError.swift */; };
		20336A3729150F2F001BDF7D /* APIService.swift in Sources */ = {isa = PBXBuildFile; fileRef = 20336A3629150F2F001BDF7D /* APIService.swift */; };
		20336A3C29151062001BDF7D /* RiotAPIService.swift in Sources */ = {isa = PBXBuildFile; fileRef = 20336A3B29151062001BDF7D /* RiotAPIService.swift */; };
		20336A3F29152D78001BDF7D /* RiotAPIRequest.swift in Sources */ = {isa = PBXBuildFile; fileRef = 20336A3E29152D78001BDF7D /* RiotAPIRequest.swift */; };
		20336A442915444B001BDF7D /* RiotAPIResponseDTO.swift in Sources */ = {isa = PBXBuildFile; fileRef = 20336A432915444B001BDF7D /* RiotAPIResponseDTO.swift */; };
		20336A4629154508001BDF7D /* RiotSummonerAPIRequest.swift in Sources */ = {isa = PBXBuildFile; fileRef = 20336A4529154508001BDF7D /* RiotSummonerAPIRequest.swift */; };
		20336A4929154571001BDF7D /* DefaultSummonerRepostiory.swift in Sources */ = {isa = PBXBuildFile; fileRef = 20336A4829154571001BDF7D /* DefaultSummonerRepostiory.swift */; };
		20336A5029154668001BDF7D /* Summoner.swift in Sources */ = {isa = PBXBuildFile; fileRef = 20336A4F29154668001BDF7D /* Summoner.swift */; };
		20336A52291546A3001BDF7D /* SummonerRepository.swift in Sources */ = {isa = PBXBuildFile; fileRef = 20336A51291546A3001BDF7D /* SummonerRepository.swift */; };
		20336A5429154723001BDF7D /* SummonerSearchUseCase.swift in Sources */ = {isa = PBXBuildFile; fileRef = 20336A5329154723001BDF7D /* SummonerSearchUseCase.swift */; };
		20336A5629154928001BDF7D /* DTOError.swift in Sources */ = {isa = PBXBuildFile; fileRef = 20336A5529154928001BDF7D /* DTOError.swift */; };
		203F0010290BC34600BF95F7 /* OtherGamesDelegate.swift in Sources */ = {isa = PBXBuildFile; fileRef = 203F000F290BC34600BF95F7 /* OtherGamesDelegate.swift */; };
		203F0012290BD76300BF95F7 /* EmptySummonerView.swift in Sources */ = {isa = PBXBuildFile; fileRef = 203F0011290BD76300BF95F7 /* EmptySummonerView.swift */; };
		203F0014290BE31100BF95F7 /* UIView+Extension.swift in Sources */ = {isa = PBXBuildFile; fileRef = 203F0013290BE31100BF95F7 /* UIView+Extension.swift */; };
		203F1D47290918D4002C5F5A /* MoreInformationCell.swift in Sources */ = {isa = PBXBuildFile; fileRef = 203F1D46290918D4002C5F5A /* MoreInformationCell.swift */; };
		203F1D49290918DB002C5F5A /* MoreInformationButton.swift in Sources */ = {isa = PBXBuildFile; fileRef = 203F1D48290918DB002C5F5A /* MoreInformationButton.swift */; };
		204600932901180C004A3417 /* PushNotificationCell.swift in Sources */ = {isa = PBXBuildFile; fileRef = 204600922901180C004A3417 /* PushNotificationCell.swift */; };
		204A9C37290A7A4500D70FC4 /* UICollectionView+Extension.swift in Sources */ = {isa = PBXBuildFile; fileRef = 204A9C36290A7A4500D70FC4 /* UICollectionView+Extension.swift */; };
		20528ECE29027683003046A3 /* HeaderView.swift in Sources */ = {isa = PBXBuildFile; fileRef = 20528ECD29027683003046A3 /* HeaderView.swift */; };
		20528ED02902799E003046A3 /* SettingsStickyHeaderView.swift in Sources */ = {isa = PBXBuildFile; fileRef = 20528ECF2902799E003046A3 /* SettingsStickyHeaderView.swift */; };
		205BC1A52907E85B004053F3 /* String+Extension.swift in Sources */ = {isa = PBXBuildFile; fileRef = 205BC1A42907E85B004053F3 /* String+Extension.swift */; };
		205BC1A82907ECCF004053F3 /* FavoriteChampionCell.swift in Sources */ = {isa = PBXBuildFile; fileRef = 205BC1A72907ECCF004053F3 /* FavoriteChampionCell.swift */; };
		205BC1AB2907EEAF004053F3 /* ChampionsAndSkinsOnSaleCell.swift in Sources */ = {isa = PBXBuildFile; fileRef = 205BC1AA2907EEAF004053F3 /* ChampionsAndSkinsOnSaleCell.swift */; };
		205BC1AD2907EEE4004053F3 /* MainSkinOnSaleView.swift in Sources */ = {isa = PBXBuildFile; fileRef = 205BC1AC2907EEE4004053F3 /* MainSkinOnSaleView.swift */; };
		205BC1AF2907EEF3004053F3 /* ChampionsAndSkinsOnSaleView.swift in Sources */ = {isa = PBXBuildFile; fileRef = 205BC1AE2907EEF3004053F3 /* ChampionsAndSkinsOnSaleView.swift */; };
		205BC1B6290828FB004053F3 /* OtherGamesCell.swift in Sources */ = {isa = PBXBuildFile; fileRef = 205BC1B5290828FB004053F3 /* OtherGamesCell.swift */; };
		20BEA4BC28FD8BA2009F1969 /* MainTopView.swift in Sources */ = {isa = PBXBuildFile; fileRef = 20BEA4BB28FD8BA2009F1969 /* MainTopView.swift */; };
		20C76694291CC30500E94133 /* RiotSummonerRankAPIRequest.swift in Sources */ = {isa = PBXBuildFile; fileRef = 20C76693291CC30500E94133 /* RiotSummonerRankAPIRequest.swift */; };
		20C76696291CC9F600E94133 /* SummonerRank.swift in Sources */ = {isa = PBXBuildFile; fileRef = 20C76695291CC9F600E94133 /* SummonerRank.swift */; };
		20C76698291CCD7900E94133 /* SummonerRankRepository.swift in Sources */ = {isa = PBXBuildFile; fileRef = 20C76697291CCD7900E94133 /* SummonerRankRepository.swift */; };
		20C7669A291CCDAA00E94133 /* DefaultSummonerRankRepository.swift in Sources */ = {isa = PBXBuildFile; fileRef = 20C76699291CCDAA00E94133 /* DefaultSummonerRankRepository.swift */; };
		20C7669C291CCE7100E94133 /* SummonerRankUseCase.swift in Sources */ = {isa = PBXBuildFile; fileRef = 20C7669B291CCE7100E94133 /* SummonerRankUseCase.swift */; };
		20C7669E291CCF1700E94133 /* SummonerRankViewModel.swift in Sources */ = {isa = PBXBuildFile; fileRef = 20C7669D291CCF1700E94133 /* SummonerRankViewModel.swift */; };
		20C766A0291CEF5B00E94133 /* RiotSummonerMatchListAPIRequest.swift in Sources */ = {isa = PBXBuildFile; fileRef = 20C7669F291CEF5B00E94133 /* RiotSummonerMatchListAPIRequest.swift */; };
		20C766A4291CF2CD00E94133 /* SummonerMatchListRepository.swift in Sources */ = {isa = PBXBuildFile; fileRef = 20C766A3291CF2CD00E94133 /* SummonerMatchListRepository.swift */; };
		20C766A6291CF43500E94133 /* DefaultSummonerMatchListRepository.swift in Sources */ = {isa = PBXBuildFile; fileRef = 20C766A5291CF43500E94133 /* DefaultSummonerMatchListRepository.swift */; };
		20C766A8291CF56A00E94133 /* SummonerMatchListUseCase.swift in Sources */ = {isa = PBXBuildFile; fileRef = 20C766A7291CF56A00E94133 /* SummonerMatchListUseCase.swift */; };
		20C766AA291CF9A800E94133 /* SummonerMatchListViewModel.swift in Sources */ = {isa = PBXBuildFile; fileRef = 20C766A9291CF9A800E94133 /* SummonerMatchListViewModel.swift */; };
		20C766AC291D149400E94133 /* RiotSummonerMatchAPIRequest.swift in Sources */ = {isa = PBXBuildFile; fileRef = 20C766AB291D149400E94133 /* RiotSummonerMatchAPIRequest.swift */; };
		20C766B0291D250100E94133 /* SummonerMatch.swift in Sources */ = {isa = PBXBuildFile; fileRef = 20C766AF291D250100E94133 /* SummonerMatch.swift */; };
		C406923B2906759D00A4E48D /* HeaderViewBuilder.swift in Sources */ = {isa = PBXBuildFile; fileRef = C406923A2906759D00A4E48D /* HeaderViewBuilder.swift */; };
		C406923E29067C3100A4E48D /* HeaderViewButton.swift in Sources */ = {isa = PBXBuildFile; fileRef = C406923D29067C3100A4E48D /* HeaderViewButton.swift */; };
		C41BF02428FD4D90008D0BD8 /* Lottie in Frameworks */ = {isa = PBXBuildFile; productRef = C41BF02328FD4D90008D0BD8 /* Lottie */; };
		C436A08028FD63BF00E261F7 /* LoadingIndicator.json in Resources */ = {isa = PBXBuildFile; fileRef = C436A07F28FD63BE00E261F7 /* LoadingIndicator.json */; };
		C436A08228FD640C00E261F7 /* LoadingView.swift in Sources */ = {isa = PBXBuildFile; fileRef = C436A08128FD640C00E261F7 /* LoadingView.swift */; };
		C43F3F3C290A6CCA00B03A04 /* ReuseIdentifiable.swift in Sources */ = {isa = PBXBuildFile; fileRef = C43F3F3B290A6CCA00B03A04 /* ReuseIdentifiable.swift */; };
		C43F3F41290A6E5400B03A04 /* PositionTabBarCollectionViewCell.swift in Sources */ = {isa = PBXBuildFile; fileRef = C43F3F40290A6E5400B03A04 /* PositionTabBarCollectionViewCell.swift */; };
		C43F3F43290A6EEA00B03A04 /* ChampionTierCollectionViewCell.swift in Sources */ = {isa = PBXBuildFile; fileRef = C43F3F42290A6EEA00B03A04 /* ChampionTierCollectionViewCell.swift */; };
		C43F3F45290A70E500B03A04 /* ChampionTierCollectionView.swift in Sources */ = {isa = PBXBuildFile; fileRef = C43F3F44290A70E500B03A04 /* ChampionTierCollectionView.swift */; };
		C43F3F48290A717100B03A04 /* PositionTabBarDelegate.swift in Sources */ = {isa = PBXBuildFile; fileRef = C43F3F47290A717100B03A04 /* PositionTabBarDelegate.swift */; };
		C43F3F4A290A71B800B03A04 /* PositionTabBar.swift in Sources */ = {isa = PBXBuildFile; fileRef = C43F3F49290A71B800B03A04 /* PositionTabBar.swift */; };
		C43F3F4C290A751100B03A04 /* ChampionTierTableViewCell.swift in Sources */ = {isa = PBXBuildFile; fileRef = C43F3F4B290A751100B03A04 /* ChampionTierTableViewCell.swift */; };
		C43F3F81290BCCAF00B03A04 /* ChampionImageView.swift in Sources */ = {isa = PBXBuildFile; fileRef = C43F3F80290BCCAF00B03A04 /* ChampionImageView.swift */; };
		C43F3F83290BCCBF00B03A04 /* ChampionTierView.swift in Sources */ = {isa = PBXBuildFile; fileRef = C43F3F82290BCCBF00B03A04 /* ChampionTierView.swift */; };
		C440CCFA290113C6008B3C16 /* SwiftUIPreview.swift in Sources */ = {isa = PBXBuildFile; fileRef = C440CCF9290113C6008B3C16 /* SwiftUIPreview.swift */; };
		C440CCFC290113DD008B3C16 /* SwiftUIPreviewController.swift in Sources */ = {isa = PBXBuildFile; fileRef = C440CCFB290113DD008B3C16 /* SwiftUIPreviewController.swift */; };
		C440CCFF290114BD008B3C16 /* SettingsTableView.swift in Sources */ = {isa = PBXBuildFile; fileRef = C440CCFE290114BD008B3C16 /* SettingsTableView.swift */; };
		C440CD01290114D1008B3C16 /* SettingsViewController.swift in Sources */ = {isa = PBXBuildFile; fileRef = C440CD00290114D1008B3C16 /* SettingsViewController.swift */; };
		C440CD03290114E2008B3C16 /* SettingsCell.swift in Sources */ = {isa = PBXBuildFile; fileRef = C440CD02290114E2008B3C16 /* SettingsCell.swift */; };
		C440CD0729011505008B3C16 /* SettingsSection.swift in Sources */ = {isa = PBXBuildFile; fileRef = C440CD0629011505008B3C16 /* SettingsSection.swift */; };
		C440CD1029017E50008B3C16 /* CellCustomizable.swift in Sources */ = {isa = PBXBuildFile; fileRef = C440CD0F29017E50008B3C16 /* CellCustomizable.swift */; };
		C458CAE62910C239004E6D74 /* SummonerRegisterView.swift in Sources */ = {isa = PBXBuildFile; fileRef = C458CAE52910C239004E6D74 /* SummonerRegisterView.swift */; };
		C458CAE92910C28F004E6D74 /* SummonerRegisterTopView.swift in Sources */ = {isa = PBXBuildFile; fileRef = C458CAE82910C28F004E6D74 /* SummonerRegisterTopView.swift */; };
		C458CAED2910ECAD004E6D74 /* SummonerRegisterViewController.swift in Sources */ = {isa = PBXBuildFile; fileRef = C458CAEC2910ECAD004E6D74 /* SummonerRegisterViewController.swift */; };
		C458CAEF2910F928004E6D74 /* UnselectedSummonerViewDelegate.swift in Sources */ = {isa = PBXBuildFile; fileRef = C458CAEE2910F928004E6D74 /* UnselectedSummonerViewDelegate.swift */; };
		C458CAF12910FA7A004E6D74 /* SummonerRegisterTopViewDelegate.swift in Sources */ = {isa = PBXBuildFile; fileRef = C458CAF02910FA7A004E6D74 /* SummonerRegisterTopViewDelegate.swift */; };
		C458CAF3291106B0004E6D74 /* IndicatorView.swift in Sources */ = {isa = PBXBuildFile; fileRef = C458CAF2291106B0004E6D74 /* IndicatorView.swift */; };
		C458CAF629110B27004E6D74 /* SummonerSearchTableView.swift in Sources */ = {isa = PBXBuildFile; fileRef = C458CAF529110B27004E6D74 /* SummonerSearchTableView.swift */; };
		C458CAF829110D4F004E6D74 /* SummonerSearchTableViewCell.swift in Sources */ = {isa = PBXBuildFile; fileRef = C458CAF729110D4F004E6D74 /* SummonerSearchTableViewCell.swift */; };
		C458CAFA29111F44004E6D74 /* SummonerSearchTableHeaderView.swift in Sources */ = {isa = PBXBuildFile; fileRef = C458CAF929111F43004E6D74 /* SummonerSearchTableHeaderView.swift */; };
		C458CAFC29112276004E6D74 /* SummonerSearchViewController.swift in Sources */ = {isa = PBXBuildFile; fileRef = C458CAFB29112276004E6D74 /* SummonerSearchViewController.swift */; };
		C458CB002911608E004E6D74 /* SearchTextField.swift in Sources */ = {isa = PBXBuildFile; fileRef = C458CAFF2911608E004E6D74 /* SearchTextField.swift */; };
		C4AC80352913942600C5A550 /* FavoriteSummonerCellDelegate.swift in Sources */ = {isa = PBXBuildFile; fileRef = C4AC80342913942600C5A550 /* FavoriteSummonerCellDelegate.swift */; };
		C4AC8067291B680400C5A550 /* SelectedSummonerView.swift in Sources */ = {isa = PBXBuildFile; fileRef = C4AC8066291B680400C5A550 /* SelectedSummonerView.swift */; };
		C4AC8069291B680C00C5A550 /* DetailView.swift in Sources */ = {isa = PBXBuildFile; fileRef = C4AC8068291B680C00C5A550 /* DetailView.swift */; };
		C4AC806B291B681800C5A550 /* ChampionRateView.swift in Sources */ = {isa = PBXBuildFile; fileRef = C4AC806A291B681800C5A550 /* ChampionRateView.swift */; };
		C4AC806D291B682700C5A550 /* SummonerDescriptionView.swift in Sources */ = {isa = PBXBuildFile; fileRef = C4AC806C291B682700C5A550 /* SummonerDescriptionView.swift */; };
		C4AC807A291B88F200C5A550 /* UnselectedSummonerView.swift in Sources */ = {isa = PBXBuildFile; fileRef = C4AC8079291B88F200C5A550 /* UnselectedSummonerView.swift */; };
		C4BDF010290BFA4500352994 /* PatchNoteDelegate.swift in Sources */ = {isa = PBXBuildFile; fileRef = C4BDF00F290BFA4500352994 /* PatchNoteDelegate.swift */; };
		C4C977A429222D28000436D0 /* ViewModel.swift in Sources */ = {isa = PBXBuildFile; fileRef = C4C977A329222D28000436D0 /* ViewModel.swift */; };
		C4E505E928FE8E3700EEA8C8 /* ImageViewBuilder.swift in Sources */ = {isa = PBXBuildFile; fileRef = C4E505E828FE8E3600EEA8C8 /* ImageViewBuilder.swift */; };
		C4EBCC2028FC242900402617 /* AppDelegate.swift in Sources */ = {isa = PBXBuildFile; fileRef = C4EBCC1F28FC242900402617 /* AppDelegate.swift */; };
		C4EBCC2228FC242900402617 /* SceneDelegate.swift in Sources */ = {isa = PBXBuildFile; fileRef = C4EBCC2128FC242900402617 /* SceneDelegate.swift */; };
		C4EBCC2428FC242900402617 /* MainViewController.swift in Sources */ = {isa = PBXBuildFile; fileRef = C4EBCC2328FC242900402617 /* MainViewController.swift */; };
		C4EBCC2928FC242B00402617 /* Assets.xcassets in Resources */ = {isa = PBXBuildFile; fileRef = C4EBCC2828FC242B00402617 /* Assets.xcassets */; };
		C4EBCC2C28FC242B00402617 /* LaunchScreen.storyboard in Resources */ = {isa = PBXBuildFile; fileRef = C4EBCC2A28FC242B00402617 /* LaunchScreen.storyboard */; };
		C4F3DDB22907E94F00137AAC /* MySummonerCell.swift in Sources */ = {isa = PBXBuildFile; fileRef = C4F3DDB12907E94F00137AAC /* MySummonerCell.swift */; };
		C4F3DDB52907E9AD00137AAC /* FavoriteSummonerCell.swift in Sources */ = {isa = PBXBuildFile; fileRef = C4F3DDB42907E9AD00137AAC /* FavoriteSummonerCell.swift */; };
		C4F3DDB82907E9F800137AAC /* PatchNoteCell.swift in Sources */ = {isa = PBXBuildFile; fileRef = C4F3DDB72907E9F800137AAC /* PatchNoteCell.swift */; };
		C4F3DDBA2907EA3600137AAC /* PatchNoteImageView.swift in Sources */ = {isa = PBXBuildFile; fileRef = C4F3DDB92907EA3600137AAC /* PatchNoteImageView.swift */; };
		C4F3DDC52907F5E200137AAC /* MainSection.swift in Sources */ = {isa = PBXBuildFile; fileRef = C4F3DDC42907F5E200137AAC /* MainSection.swift */; };
		C4F3DDC72907F7CE00137AAC /* MainStickyHeaderView.swift in Sources */ = {isa = PBXBuildFile; fileRef = C4F3DDC62907F7CE00137AAC /* MainStickyHeaderView.swift */; };
		C4F3DDC92907F7DF00137AAC /* MainTableView.swift in Sources */ = {isa = PBXBuildFile; fileRef = C4F3DDC82907F7DF00137AAC /* MainTableView.swift */; };
		C4F3DDCE29080F5900137AAC /* TodayTMICell.swift in Sources */ = {isa = PBXBuildFile; fileRef = C4F3DDCD29080F5900137AAC /* TodayTMICell.swift */; };
		C4F3DDD32908179600137AAC /* PaddingLabel.swift in Sources */ = {isa = PBXBuildFile; fileRef = C4F3DDD22908179600137AAC /* PaddingLabel.swift */; };
		C4F3DDD529084CBC00137AAC /* LabelBuilder.swift in Sources */ = {isa = PBXBuildFile; fileRef = C4F3DDD429084CBC00137AAC /* LabelBuilder.swift */; };
/* End PBXBuildFile section */

/* Begin PBXFileReference section */
		202B4C3F291B70D70078A03E /* SummonerRegisterViewModel.swift */ = {isa = PBXFileReference; lastKnownFileType = sourcecode.swift; path = SummonerRegisterViewModel.swift; sourceTree = "<group>"; };
		202B4C41291B71860078A03E /* ErrorAlertController.swift */ = {isa = PBXFileReference; lastKnownFileType = sourcecode.swift; path = ErrorAlertController.swift; sourceTree = "<group>"; };
		202B4C44291B71CC0078A03E /* AlertViewModel.swift */ = {isa = PBXFileReference; lastKnownFileType = sourcecode.swift; path = AlertViewModel.swift; sourceTree = "<group>"; };
		202B4C46291B76510078A03E /* SummonerRegisterViewDelegate.swift */ = {isa = PBXFileReference; lastKnownFileType = sourcecode.swift; path = SummonerRegisterViewDelegate.swift; sourceTree = "<group>"; };
		2033279C28FE7479005EF522 /* ButtonBuilder.swift */ = {isa = PBXFileReference; lastKnownFileType = sourcecode.swift; path = ButtonBuilder.swift; sourceTree = "<group>"; };
		2033279E28FEA531005EF522 /* TabBarController.swift */ = {isa = PBXFileReference; lastKnownFileType = sourcecode.swift; path = TabBarController.swift; sourceTree = "<group>"; };
		20336A2C29150B29001BDF7D /* APIRequest.swift */ = {isa = PBXFileReference; lastKnownFileType = sourcecode.swift; path = APIRequest.swift; sourceTree = "<group>"; };
		20336A2E29150C14001BDF7D /* URLHost.swift */ = {isa = PBXFileReference; lastKnownFileType = sourcecode.swift; path = URLHost.swift; sourceTree = "<group>"; };
		20336A3029150C2F001BDF7D /* URLPath.swift */ = {isa = PBXFileReference; lastKnownFileType = sourcecode.swift; path = URLPath.swift; sourceTree = "<group>"; };
		20336A3229150C48001BDF7D /* HTTPMethod.swift */ = {isa = PBXFileReference; lastKnownFileType = sourcecode.swift; path = HTTPMethod.swift; sourceTree = "<group>"; };
		20336A3429150C5C001BDF7D /* APIError.swift */ = {isa = PBXFileReference; lastKnownFileType = sourcecode.swift; path = APIError.swift; sourceTree = "<group>"; };
		20336A3629150F2F001BDF7D /* APIService.swift */ = {isa = PBXFileReference; lastKnownFileType = sourcecode.swift; path = APIService.swift; sourceTree = "<group>"; };
		20336A3B29151062001BDF7D /* RiotAPIService.swift */ = {isa = PBXFileReference; lastKnownFileType = sourcecode.swift; path = RiotAPIService.swift; sourceTree = "<group>"; };
		20336A3E29152D78001BDF7D /* RiotAPIRequest.swift */ = {isa = PBXFileReference; lastKnownFileType = sourcecode.swift; path = RiotAPIRequest.swift; sourceTree = "<group>"; };
		20336A432915444B001BDF7D /* RiotAPIResponseDTO.swift */ = {isa = PBXFileReference; lastKnownFileType = sourcecode.swift; path = RiotAPIResponseDTO.swift; sourceTree = "<group>"; };
		20336A4529154508001BDF7D /* RiotSummonerAPIRequest.swift */ = {isa = PBXFileReference; lastKnownFileType = sourcecode.swift; path = RiotSummonerAPIRequest.swift; sourceTree = "<group>"; };
		20336A4829154571001BDF7D /* DefaultSummonerRepostiory.swift */ = {isa = PBXFileReference; lastKnownFileType = sourcecode.swift; path = DefaultSummonerRepostiory.swift; sourceTree = "<group>"; };
		20336A4F29154668001BDF7D /* Summoner.swift */ = {isa = PBXFileReference; lastKnownFileType = sourcecode.swift; path = Summoner.swift; sourceTree = "<group>"; };
		20336A51291546A3001BDF7D /* SummonerRepository.swift */ = {isa = PBXFileReference; lastKnownFileType = sourcecode.swift; path = SummonerRepository.swift; sourceTree = "<group>"; };
		20336A5329154723001BDF7D /* SummonerSearchUseCase.swift */ = {isa = PBXFileReference; lastKnownFileType = sourcecode.swift; path = SummonerSearchUseCase.swift; sourceTree = "<group>"; };
		20336A5529154928001BDF7D /* DTOError.swift */ = {isa = PBXFileReference; lastKnownFileType = sourcecode.swift; path = DTOError.swift; sourceTree = "<group>"; };
		203F000F290BC34600BF95F7 /* OtherGamesDelegate.swift */ = {isa = PBXFileReference; lastKnownFileType = sourcecode.swift; path = OtherGamesDelegate.swift; sourceTree = "<group>"; };
		203F0011290BD76300BF95F7 /* EmptySummonerView.swift */ = {isa = PBXFileReference; lastKnownFileType = sourcecode.swift; path = EmptySummonerView.swift; sourceTree = "<group>"; };
		203F0013290BE31100BF95F7 /* UIView+Extension.swift */ = {isa = PBXFileReference; lastKnownFileType = sourcecode.swift; path = "UIView+Extension.swift"; sourceTree = "<group>"; };
		203F1D46290918D4002C5F5A /* MoreInformationCell.swift */ = {isa = PBXFileReference; lastKnownFileType = sourcecode.swift; path = MoreInformationCell.swift; sourceTree = "<group>"; };
		203F1D48290918DB002C5F5A /* MoreInformationButton.swift */ = {isa = PBXFileReference; lastKnownFileType = sourcecode.swift; path = MoreInformationButton.swift; sourceTree = "<group>"; };
		204600922901180C004A3417 /* PushNotificationCell.swift */ = {isa = PBXFileReference; lastKnownFileType = sourcecode.swift; path = PushNotificationCell.swift; sourceTree = "<group>"; };
		204A9C36290A7A4500D70FC4 /* UICollectionView+Extension.swift */ = {isa = PBXFileReference; lastKnownFileType = sourcecode.swift; path = "UICollectionView+Extension.swift"; sourceTree = "<group>"; };
		20528ECD29027683003046A3 /* HeaderView.swift */ = {isa = PBXFileReference; lastKnownFileType = sourcecode.swift; path = HeaderView.swift; sourceTree = "<group>"; };
		20528ECF2902799E003046A3 /* SettingsStickyHeaderView.swift */ = {isa = PBXFileReference; lastKnownFileType = sourcecode.swift; path = SettingsStickyHeaderView.swift; sourceTree = "<group>"; };
		205BC1A42907E85B004053F3 /* String+Extension.swift */ = {isa = PBXFileReference; lastKnownFileType = sourcecode.swift; path = "String+Extension.swift"; sourceTree = "<group>"; };
		205BC1A72907ECCF004053F3 /* FavoriteChampionCell.swift */ = {isa = PBXFileReference; lastKnownFileType = sourcecode.swift; path = FavoriteChampionCell.swift; sourceTree = "<group>"; };
		205BC1AA2907EEAF004053F3 /* ChampionsAndSkinsOnSaleCell.swift */ = {isa = PBXFileReference; lastKnownFileType = sourcecode.swift; path = ChampionsAndSkinsOnSaleCell.swift; sourceTree = "<group>"; };
		205BC1AC2907EEE4004053F3 /* MainSkinOnSaleView.swift */ = {isa = PBXFileReference; lastKnownFileType = sourcecode.swift; path = MainSkinOnSaleView.swift; sourceTree = "<group>"; };
		205BC1AE2907EEF3004053F3 /* ChampionsAndSkinsOnSaleView.swift */ = {isa = PBXFileReference; lastKnownFileType = sourcecode.swift; path = ChampionsAndSkinsOnSaleView.swift; sourceTree = "<group>"; };
		205BC1B5290828FB004053F3 /* OtherGamesCell.swift */ = {isa = PBXFileReference; lastKnownFileType = sourcecode.swift; path = OtherGamesCell.swift; sourceTree = "<group>"; };
		20BEA4BB28FD8BA2009F1969 /* MainTopView.swift */ = {isa = PBXFileReference; lastKnownFileType = sourcecode.swift; path = MainTopView.swift; sourceTree = "<group>"; };
		20C76693291CC30500E94133 /* RiotSummonerRankAPIRequest.swift */ = {isa = PBXFileReference; lastKnownFileType = sourcecode.swift; path = RiotSummonerRankAPIRequest.swift; sourceTree = "<group>"; };
		20C76695291CC9F600E94133 /* SummonerRank.swift */ = {isa = PBXFileReference; lastKnownFileType = sourcecode.swift; path = SummonerRank.swift; sourceTree = "<group>"; };
		20C76697291CCD7900E94133 /* SummonerRankRepository.swift */ = {isa = PBXFileReference; lastKnownFileType = sourcecode.swift; path = SummonerRankRepository.swift; sourceTree = "<group>"; };
		20C76699291CCDAA00E94133 /* DefaultSummonerRankRepository.swift */ = {isa = PBXFileReference; lastKnownFileType = sourcecode.swift; path = DefaultSummonerRankRepository.swift; sourceTree = "<group>"; };
		20C7669B291CCE7100E94133 /* SummonerRankUseCase.swift */ = {isa = PBXFileReference; lastKnownFileType = sourcecode.swift; path = SummonerRankUseCase.swift; sourceTree = "<group>"; };
		20C7669D291CCF1700E94133 /* SummonerRankViewModel.swift */ = {isa = PBXFileReference; lastKnownFileType = sourcecode.swift; path = SummonerRankViewModel.swift; sourceTree = "<group>"; };
		20C7669F291CEF5B00E94133 /* RiotSummonerMatchListAPIRequest.swift */ = {isa = PBXFileReference; lastKnownFileType = sourcecode.swift; path = RiotSummonerMatchListAPIRequest.swift; sourceTree = "<group>"; };
		20C766A3291CF2CD00E94133 /* SummonerMatchListRepository.swift */ = {isa = PBXFileReference; lastKnownFileType = sourcecode.swift; path = SummonerMatchListRepository.swift; sourceTree = "<group>"; };
		20C766A5291CF43500E94133 /* DefaultSummonerMatchListRepository.swift */ = {isa = PBXFileReference; lastKnownFileType = sourcecode.swift; path = DefaultSummonerMatchListRepository.swift; sourceTree = "<group>"; };
		20C766A7291CF56A00E94133 /* SummonerMatchListUseCase.swift */ = {isa = PBXFileReference; lastKnownFileType = sourcecode.swift; path = SummonerMatchListUseCase.swift; sourceTree = "<group>"; };
		20C766A9291CF9A800E94133 /* SummonerMatchListViewModel.swift */ = {isa = PBXFileReference; lastKnownFileType = sourcecode.swift; path = SummonerMatchListViewModel.swift; sourceTree = "<group>"; };
		20C766AB291D149400E94133 /* RiotSummonerMatchAPIRequest.swift */ = {isa = PBXFileReference; lastKnownFileType = sourcecode.swift; path = RiotSummonerMatchAPIRequest.swift; sourceTree = "<group>"; };
		20C766AF291D250100E94133 /* SummonerMatch.swift */ = {isa = PBXFileReference; lastKnownFileType = sourcecode.swift; path = SummonerMatch.swift; sourceTree = "<group>"; };
		C406923A2906759D00A4E48D /* HeaderViewBuilder.swift */ = {isa = PBXFileReference; lastKnownFileType = sourcecode.swift; path = HeaderViewBuilder.swift; sourceTree = "<group>"; };
		C406923D29067C3100A4E48D /* HeaderViewButton.swift */ = {isa = PBXFileReference; lastKnownFileType = sourcecode.swift; path = HeaderViewButton.swift; sourceTree = "<group>"; };
		C436A07F28FD63BE00E261F7 /* LoadingIndicator.json */ = {isa = PBXFileReference; fileEncoding = 4; lastKnownFileType = text.json; path = LoadingIndicator.json; sourceTree = "<group>"; };
		C436A08128FD640C00E261F7 /* LoadingView.swift */ = {isa = PBXFileReference; lastKnownFileType = sourcecode.swift; path = LoadingView.swift; sourceTree = "<group>"; };
		C43F3F3B290A6CCA00B03A04 /* ReuseIdentifiable.swift */ = {isa = PBXFileReference; lastKnownFileType = sourcecode.swift; path = ReuseIdentifiable.swift; sourceTree = "<group>"; };
		C43F3F40290A6E5400B03A04 /* PositionTabBarCollectionViewCell.swift */ = {isa = PBXFileReference; lastKnownFileType = sourcecode.swift; path = PositionTabBarCollectionViewCell.swift; sourceTree = "<group>"; };
		C43F3F42290A6EEA00B03A04 /* ChampionTierCollectionViewCell.swift */ = {isa = PBXFileReference; lastKnownFileType = sourcecode.swift; path = ChampionTierCollectionViewCell.swift; sourceTree = "<group>"; };
		C43F3F44290A70E500B03A04 /* ChampionTierCollectionView.swift */ = {isa = PBXFileReference; lastKnownFileType = sourcecode.swift; path = ChampionTierCollectionView.swift; sourceTree = "<group>"; };
		C43F3F47290A717100B03A04 /* PositionTabBarDelegate.swift */ = {isa = PBXFileReference; lastKnownFileType = sourcecode.swift; path = PositionTabBarDelegate.swift; sourceTree = "<group>"; };
		C43F3F49290A71B800B03A04 /* PositionTabBar.swift */ = {isa = PBXFileReference; lastKnownFileType = sourcecode.swift; path = PositionTabBar.swift; sourceTree = "<group>"; };
		C43F3F4B290A751100B03A04 /* ChampionTierTableViewCell.swift */ = {isa = PBXFileReference; lastKnownFileType = sourcecode.swift; path = ChampionTierTableViewCell.swift; sourceTree = "<group>"; };
		C43F3F80290BCCAF00B03A04 /* ChampionImageView.swift */ = {isa = PBXFileReference; lastKnownFileType = sourcecode.swift; path = ChampionImageView.swift; sourceTree = "<group>"; };
		C43F3F82290BCCBF00B03A04 /* ChampionTierView.swift */ = {isa = PBXFileReference; lastKnownFileType = sourcecode.swift; path = ChampionTierView.swift; sourceTree = "<group>"; };
		C440CCF9290113C6008B3C16 /* SwiftUIPreview.swift */ = {isa = PBXFileReference; lastKnownFileType = sourcecode.swift; path = SwiftUIPreview.swift; sourceTree = "<group>"; };
		C440CCFB290113DD008B3C16 /* SwiftUIPreviewController.swift */ = {isa = PBXFileReference; lastKnownFileType = sourcecode.swift; path = SwiftUIPreviewController.swift; sourceTree = "<group>"; };
		C440CCFE290114BD008B3C16 /* SettingsTableView.swift */ = {isa = PBXFileReference; lastKnownFileType = sourcecode.swift; path = SettingsTableView.swift; sourceTree = "<group>"; };
		C440CD00290114D1008B3C16 /* SettingsViewController.swift */ = {isa = PBXFileReference; lastKnownFileType = sourcecode.swift; path = SettingsViewController.swift; sourceTree = "<group>"; };
		C440CD02290114E2008B3C16 /* SettingsCell.swift */ = {isa = PBXFileReference; lastKnownFileType = sourcecode.swift; path = SettingsCell.swift; sourceTree = "<group>"; };
		C440CD0629011505008B3C16 /* SettingsSection.swift */ = {isa = PBXFileReference; lastKnownFileType = sourcecode.swift; path = SettingsSection.swift; sourceTree = "<group>"; };
		C440CD0F29017E50008B3C16 /* CellCustomizable.swift */ = {isa = PBXFileReference; lastKnownFileType = sourcecode.swift; path = CellCustomizable.swift; sourceTree = "<group>"; };
		C458CAE52910C239004E6D74 /* SummonerRegisterView.swift */ = {isa = PBXFileReference; lastKnownFileType = sourcecode.swift; path = SummonerRegisterView.swift; sourceTree = "<group>"; };
		C458CAE82910C28F004E6D74 /* SummonerRegisterTopView.swift */ = {isa = PBXFileReference; lastKnownFileType = sourcecode.swift; path = SummonerRegisterTopView.swift; sourceTree = "<group>"; };
		C458CAEC2910ECAD004E6D74 /* SummonerRegisterViewController.swift */ = {isa = PBXFileReference; lastKnownFileType = sourcecode.swift; path = SummonerRegisterViewController.swift; sourceTree = "<group>"; };
		C458CAEE2910F928004E6D74 /* UnselectedSummonerViewDelegate.swift */ = {isa = PBXFileReference; lastKnownFileType = sourcecode.swift; path = UnselectedSummonerViewDelegate.swift; sourceTree = "<group>"; };
		C458CAF02910FA7A004E6D74 /* SummonerRegisterTopViewDelegate.swift */ = {isa = PBXFileReference; lastKnownFileType = sourcecode.swift; path = SummonerRegisterTopViewDelegate.swift; sourceTree = "<group>"; };
		C458CAF2291106B0004E6D74 /* IndicatorView.swift */ = {isa = PBXFileReference; lastKnownFileType = sourcecode.swift; path = IndicatorView.swift; sourceTree = "<group>"; };
		C458CAF529110B27004E6D74 /* SummonerSearchTableView.swift */ = {isa = PBXFileReference; lastKnownFileType = sourcecode.swift; path = SummonerSearchTableView.swift; sourceTree = "<group>"; };
		C458CAF729110D4F004E6D74 /* SummonerSearchTableViewCell.swift */ = {isa = PBXFileReference; lastKnownFileType = sourcecode.swift; path = SummonerSearchTableViewCell.swift; sourceTree = "<group>"; };
		C458CAF929111F43004E6D74 /* SummonerSearchTableHeaderView.swift */ = {isa = PBXFileReference; lastKnownFileType = sourcecode.swift; path = SummonerSearchTableHeaderView.swift; sourceTree = "<group>"; };
		C458CAFB29112276004E6D74 /* SummonerSearchViewController.swift */ = {isa = PBXFileReference; lastKnownFileType = sourcecode.swift; path = SummonerSearchViewController.swift; sourceTree = "<group>"; };
		C458CAFF2911608E004E6D74 /* SearchTextField.swift */ = {isa = PBXFileReference; lastKnownFileType = sourcecode.swift; path = SearchTextField.swift; sourceTree = "<group>"; };
		C4AC80342913942600C5A550 /* FavoriteSummonerCellDelegate.swift */ = {isa = PBXFileReference; lastKnownFileType = sourcecode.swift; path = FavoriteSummonerCellDelegate.swift; sourceTree = "<group>"; };
		C4AC8066291B680400C5A550 /* SelectedSummonerView.swift */ = {isa = PBXFileReference; lastKnownFileType = sourcecode.swift; path = SelectedSummonerView.swift; sourceTree = "<group>"; };
		C4AC8068291B680C00C5A550 /* DetailView.swift */ = {isa = PBXFileReference; lastKnownFileType = sourcecode.swift; path = DetailView.swift; sourceTree = "<group>"; };
		C4AC806A291B681800C5A550 /* ChampionRateView.swift */ = {isa = PBXFileReference; lastKnownFileType = sourcecode.swift; path = ChampionRateView.swift; sourceTree = "<group>"; };
		C4AC806C291B682700C5A550 /* SummonerDescriptionView.swift */ = {isa = PBXFileReference; lastKnownFileType = sourcecode.swift; path = SummonerDescriptionView.swift; sourceTree = "<group>"; };
		C4AC8079291B88F200C5A550 /* UnselectedSummonerView.swift */ = {isa = PBXFileReference; lastKnownFileType = sourcecode.swift; path = UnselectedSummonerView.swift; sourceTree = "<group>"; };
		C4BDF00F290BFA4500352994 /* PatchNoteDelegate.swift */ = {isa = PBXFileReference; lastKnownFileType = sourcecode.swift; path = PatchNoteDelegate.swift; sourceTree = "<group>"; };
		C4C977A329222D28000436D0 /* ViewModel.swift */ = {isa = PBXFileReference; lastKnownFileType = sourcecode.swift; path = ViewModel.swift; sourceTree = "<group>"; };
		C4E505E828FE8E3600EEA8C8 /* ImageViewBuilder.swift */ = {isa = PBXFileReference; lastKnownFileType = sourcecode.swift; path = ImageViewBuilder.swift; sourceTree = "<group>"; };
		C4EBCC1C28FC242900402617 /* OP.GGCloneCoding.app */ = {isa = PBXFileReference; explicitFileType = wrapper.application; includeInIndex = 0; path = OP.GGCloneCoding.app; sourceTree = BUILT_PRODUCTS_DIR; };
		C4EBCC1F28FC242900402617 /* AppDelegate.swift */ = {isa = PBXFileReference; lastKnownFileType = sourcecode.swift; path = AppDelegate.swift; sourceTree = "<group>"; };
		C4EBCC2128FC242900402617 /* SceneDelegate.swift */ = {isa = PBXFileReference; lastKnownFileType = sourcecode.swift; path = SceneDelegate.swift; sourceTree = "<group>"; };
		C4EBCC2328FC242900402617 /* MainViewController.swift */ = {isa = PBXFileReference; lastKnownFileType = sourcecode.swift; path = MainViewController.swift; sourceTree = "<group>"; };
		C4EBCC2828FC242B00402617 /* Assets.xcassets */ = {isa = PBXFileReference; lastKnownFileType = folder.assetcatalog; path = Assets.xcassets; sourceTree = "<group>"; };
		C4EBCC2B28FC242B00402617 /* Base */ = {isa = PBXFileReference; lastKnownFileType = file.storyboard; name = Base; path = Base.lproj/LaunchScreen.storyboard; sourceTree = "<group>"; };
		C4EBCC2D28FC242B00402617 /* Info.plist */ = {isa = PBXFileReference; lastKnownFileType = text.plist.xml; path = Info.plist; sourceTree = "<group>"; };
		C4F3DDB12907E94F00137AAC /* MySummonerCell.swift */ = {isa = PBXFileReference; lastKnownFileType = sourcecode.swift; path = MySummonerCell.swift; sourceTree = "<group>"; };
		C4F3DDB42907E9AD00137AAC /* FavoriteSummonerCell.swift */ = {isa = PBXFileReference; lastKnownFileType = sourcecode.swift; path = FavoriteSummonerCell.swift; sourceTree = "<group>"; };
		C4F3DDB72907E9F800137AAC /* PatchNoteCell.swift */ = {isa = PBXFileReference; lastKnownFileType = sourcecode.swift; path = PatchNoteCell.swift; sourceTree = "<group>"; };
		C4F3DDB92907EA3600137AAC /* PatchNoteImageView.swift */ = {isa = PBXFileReference; lastKnownFileType = sourcecode.swift; path = PatchNoteImageView.swift; sourceTree = "<group>"; };
		C4F3DDC42907F5E200137AAC /* MainSection.swift */ = {isa = PBXFileReference; lastKnownFileType = sourcecode.swift; path = MainSection.swift; sourceTree = "<group>"; };
		C4F3DDC62907F7CE00137AAC /* MainStickyHeaderView.swift */ = {isa = PBXFileReference; lastKnownFileType = sourcecode.swift; path = MainStickyHeaderView.swift; sourceTree = "<group>"; };
		C4F3DDC82907F7DF00137AAC /* MainTableView.swift */ = {isa = PBXFileReference; lastKnownFileType = sourcecode.swift; path = MainTableView.swift; sourceTree = "<group>"; };
		C4F3DDCD29080F5900137AAC /* TodayTMICell.swift */ = {isa = PBXFileReference; lastKnownFileType = sourcecode.swift; path = TodayTMICell.swift; sourceTree = "<group>"; };
		C4F3DDD22908179600137AAC /* PaddingLabel.swift */ = {isa = PBXFileReference; lastKnownFileType = sourcecode.swift; path = PaddingLabel.swift; sourceTree = "<group>"; };
		C4F3DDD429084CBC00137AAC /* LabelBuilder.swift */ = {isa = PBXFileReference; lastKnownFileType = sourcecode.swift; path = LabelBuilder.swift; sourceTree = "<group>"; };
/* End PBXFileReference section */

/* Begin PBXFrameworksBuildPhase section */
		C4EBCC1928FC242900402617 /* Frameworks */ = {
			isa = PBXFrameworksBuildPhase;
			buildActionMask = 2147483647;
			files = (
				C41BF02428FD4D90008D0BD8 /* Lottie in Frameworks */,
			);
			runOnlyForDeploymentPostprocessing = 0;
		};
/* End PBXFrameworksBuildPhase section */

/* Begin PBXGroup section */
		202B4C43291B71C00078A03E /* ViewModel */ = {
			isa = PBXGroup;
			children = (
				C4C977A329222D28000436D0 /* ViewModel.swift */,
				202B4C44291B71CC0078A03E /* AlertViewModel.swift */,
			);
			path = ViewModel;
			sourceTree = "<group>";
		};
		20336A2829150ACA001BDF7D /* Infrastructure */ = {
			isa = PBXGroup;
			children = (
				20336A2929150AE2001BDF7D /* Network */,
			);
			path = Infrastructure;
			sourceTree = "<group>";
		};
		20336A2929150AE2001BDF7D /* Network */ = {
			isa = PBXGroup;
			children = (
				20336A3829150FE2001BDF7D /* Common */,
				20336A3A29151049001BDF7D /* RiotAPI */,
			);
			path = Network;
			sourceTree = "<group>";
		};
		20336A3829150FE2001BDF7D /* Common */ = {
			isa = PBXGroup;
			children = (
				20336A3629150F2F001BDF7D /* APIService.swift */,
				20336A2C29150B29001BDF7D /* APIRequest.swift */,
				20336A2E29150C14001BDF7D /* URLHost.swift */,
				20336A3029150C2F001BDF7D /* URLPath.swift */,
				20336A3229150C48001BDF7D /* HTTPMethod.swift */,
				20336A3429150C5C001BDF7D /* APIError.swift */,
			);
			path = Common;
			sourceTree = "<group>";
		};
		20336A3A29151049001BDF7D /* RiotAPI */ = {
			isa = PBXGroup;
			children = (
				20336A3B29151062001BDF7D /* RiotAPIService.swift */,
				20336A3E29152D78001BDF7D /* RiotAPIRequest.swift */,
				20336A4529154508001BDF7D /* RiotSummonerAPIRequest.swift */,
				20C76693291CC30500E94133 /* RiotSummonerRankAPIRequest.swift */,
				20C7669F291CEF5B00E94133 /* RiotSummonerMatchListAPIRequest.swift */,
				20C766AB291D149400E94133 /* RiotSummonerMatchAPIRequest.swift */,
			);
			path = RiotAPI;
			sourceTree = "<group>";
		};
		20336A4029154412001BDF7D /* Data */ = {
			isa = PBXGroup;
			children = (
				20336A472915454C001BDF7D /* Repositories */,
				20336A412915441D001BDF7D /* Network */,
			);
			path = Data;
			sourceTree = "<group>";
		};
		20336A412915441D001BDF7D /* Network */ = {
			isa = PBXGroup;
			children = (
				20336A4229154423001BDF7D /* DataMapping */,
			);
			path = Network;
			sourceTree = "<group>";
		};
		20336A4229154423001BDF7D /* DataMapping */ = {
			isa = PBXGroup;
			children = (
				20336A432915444B001BDF7D /* RiotAPIResponseDTO.swift */,
			);
			path = DataMapping;
			sourceTree = "<group>";
		};
		20336A472915454C001BDF7D /* Repositories */ = {
			isa = PBXGroup;
			children = (
				20336A4829154571001BDF7D /* DefaultSummonerRepostiory.swift */,
				20C76699291CCDAA00E94133 /* DefaultSummonerRankRepository.swift */,
				20C766A5291CF43500E94133 /* DefaultSummonerMatchListRepository.swift */,
				20336A5529154928001BDF7D /* DTOError.swift */,
			);
			path = Repositories;
			sourceTree = "<group>";
		};
		20336A4A291545F3001BDF7D /* Domain */ = {
			isa = PBXGroup;
			children = (
				20336A4B291545FB001BDF7D /* Entities */,
				20336A4C29154601001BDF7D /* UseCases */,
				20336A4D2915463B001BDF7D /* Interface */,
			);
			path = Domain;
			sourceTree = "<group>";
		};
		20336A4B291545FB001BDF7D /* Entities */ = {
			isa = PBXGroup;
			children = (
				20336A4F29154668001BDF7D /* Summoner.swift */,
				20C76695291CC9F600E94133 /* SummonerRank.swift */,
				20C766AF291D250100E94133 /* SummonerMatch.swift */,
			);
			path = Entities;
			sourceTree = "<group>";
		};
		20336A4C29154601001BDF7D /* UseCases */ = {
			isa = PBXGroup;
			children = (
				20336A5329154723001BDF7D /* SummonerSearchUseCase.swift */,
				20C7669B291CCE7100E94133 /* SummonerRankUseCase.swift */,
				20C766A7291CF56A00E94133 /* SummonerMatchListUseCase.swift */,
			);
			path = UseCases;
			sourceTree = "<group>";
		};
		20336A4D2915463B001BDF7D /* Interface */ = {
			isa = PBXGroup;
			children = (
				20336A4E29154647001BDF7D /* Repositories */,
			);
			path = Interface;
			sourceTree = "<group>";
		};
		20336A4E29154647001BDF7D /* Repositories */ = {
			isa = PBXGroup;
			children = (
				20336A51291546A3001BDF7D /* SummonerRepository.swift */,
				20C76697291CCD7900E94133 /* SummonerRankRepository.swift */,
				20C766A3291CF2CD00E94133 /* SummonerMatchListRepository.swift */,
			);
			path = Repositories;
			sourceTree = "<group>";
		};
		203CD71528FC35D40037B457 /* Resource */ = {
			isa = PBXGroup;
			children = (
				C4EBCC2828FC242B00402617 /* Assets.xcassets */,
				C4EBCC2D28FC242B00402617 /* Info.plist */,
				C4EBCC2A28FC242B00402617 /* LaunchScreen.storyboard */,
				C436A07F28FD63BE00E261F7 /* LoadingIndicator.json */,
			);
			path = Resource;
			sourceTree = "<group>";
		};
		203CD71628FC36470037B457 /* Application */ = {
			isa = PBXGroup;
			children = (
				C4EBCC1F28FC242900402617 /* AppDelegate.swift */,
				C4EBCC2128FC242900402617 /* SceneDelegate.swift */,
			);
			path = Application;
			sourceTree = "<group>";
		};
		203F1D45290918BD002C5F5A /* MoreInformation */ = {
			isa = PBXGroup;
			children = (
				203F1D46290918D4002C5F5A /* MoreInformationCell.swift */,
				203F1D48290918DB002C5F5A /* MoreInformationButton.swift */,
			);
			path = MoreInformation;
			sourceTree = "<group>";
		};
		205BC1A32907E84E004053F3 /* Extension */ = {
			isa = PBXGroup;
			children = (
				205BC1A42907E85B004053F3 /* String+Extension.swift */,
				204A9C36290A7A4500D70FC4 /* UICollectionView+Extension.swift */,
				203F0013290BE31100BF95F7 /* UIView+Extension.swift */,
			);
			path = Extension;
			sourceTree = "<group>";
		};
		205BC1A62907EC97004053F3 /* FavoriteChampion */ = {
			isa = PBXGroup;
			children = (
				205BC1A72907ECCF004053F3 /* FavoriteChampionCell.swift */,
			);
			path = FavoriteChampion;
			sourceTree = "<group>";
		};
		205BC1A92907EE8F004053F3 /* ChampiosAndSkinOnSale */ = {
			isa = PBXGroup;
			children = (
				205BC1AA2907EEAF004053F3 /* ChampionsAndSkinsOnSaleCell.swift */,
				205BC1AC2907EEE4004053F3 /* MainSkinOnSaleView.swift */,
				205BC1AE2907EEF3004053F3 /* ChampionsAndSkinsOnSaleView.swift */,
			);
			path = ChampiosAndSkinOnSale;
			sourceTree = "<group>";
		};
		205BC1B02907F9C0004053F3 /* View */ = {
			isa = PBXGroup;
			children = (
				C458CAFF2911608E004E6D74 /* SearchTextField.swift */,
				C436A08128FD640C00E261F7 /* LoadingView.swift */,
				20528ECD29027683003046A3 /* HeaderView.swift */,
				2033279E28FEA531005EF522 /* TabBarController.swift */,
				C4F3DDD22908179600137AAC /* PaddingLabel.swift */,
			);
			path = View;
			sourceTree = "<group>";
		};
		205BC1B4290828E4004053F3 /* OtherGames */ = {
			isa = PBXGroup;
			children = (
				205BC1B5290828FB004053F3 /* OtherGamesCell.swift */,
				203F000F290BC34600BF95F7 /* OtherGamesDelegate.swift */,
			);
			path = OtherGames;
			sourceTree = "<group>";
		};
		20C7668C291CBB7D00E94133 /* View */ = {
			isa = PBXGroup;
			children = (
				203F0011290BD76300BF95F7 /* EmptySummonerView.swift */,
				C4AC8079291B88F200C5A550 /* UnselectedSummonerView.swift */,
				C458CAEE2910F928004E6D74 /* UnselectedSummonerViewDelegate.swift */,
			);
			path = View;
			sourceTree = "<group>";
		};
		20C7668D291CBB8500E94133 /* View */ = {
			isa = PBXGroup;
			children = (
				C4AC8066291B680400C5A550 /* SelectedSummonerView.swift */,
				C4AC806C291B682700C5A550 /* SummonerDescriptionView.swift */,
				C4AC8068291B680C00C5A550 /* DetailView.swift */,
				C4AC806A291B681800C5A550 /* ChampionRateView.swift */,
			);
			path = View;
			sourceTree = "<group>";
		};
		20C7668E291CBB8D00E94133 /* View */ = {
			isa = PBXGroup;
			children = (
				C458CAE52910C239004E6D74 /* SummonerRegisterView.swift */,
				202B4C46291B76510078A03E /* SummonerRegisterViewDelegate.swift */,
				C458CAE82910C28F004E6D74 /* SummonerRegisterTopView.swift */,
				C458CAF02910FA7A004E6D74 /* SummonerRegisterTopViewDelegate.swift */,
				C458CAEC2910ECAD004E6D74 /* SummonerRegisterViewController.swift */,
				202B4C41291B71860078A03E /* ErrorAlertController.swift */,
			);
			path = View;
			sourceTree = "<group>";
		};
		20C7668F291CBB9700E94133 /* ViewModel */ = {
			isa = PBXGroup;
			children = (
				202B4C3F291B70D70078A03E /* SummonerRegisterViewModel.swift */,
				20C7669D291CCF1700E94133 /* SummonerRankViewModel.swift */,
				20C766A9291CF9A800E94133 /* SummonerMatchListViewModel.swift */,
			);
			path = ViewModel;
			sourceTree = "<group>";
		};
		C406923C29067C1E00A4E48D /* Section */ = {
			isa = PBXGroup;
			children = (
				C406923D29067C3100A4E48D /* HeaderViewButton.swift */,
			);
			path = Section;
			sourceTree = "<group>";
		};
		C43F3F3A290A6CBC00B03A04 /* Protocol */ = {
			isa = PBXGroup;
			children = (
				C43F3F3B290A6CCA00B03A04 /* ReuseIdentifiable.swift */,
			);
			path = Protocol;
			sourceTree = "<group>";
		};
		C43F3F3D290A6DC200B03A04 /* ChampionTier */ = {
			isa = PBXGroup;
			children = (
				C43F3F4B290A751100B03A04 /* ChampionTierTableViewCell.swift */,
				C43F3F44290A70E500B03A04 /* ChampionTierCollectionView.swift */,
				C43F3F42290A6EEA00B03A04 /* ChampionTierCollectionViewCell.swift */,
				C43F3F80290BCCAF00B03A04 /* ChampionImageView.swift */,
				C43F3F82290BCCBF00B03A04 /* ChampionTierView.swift */,
				C43F3F3E290A6DD500B03A04 /* PositionTabBar */,
			);
			path = ChampionTier;
			sourceTree = "<group>";
		};
		C43F3F3E290A6DD500B03A04 /* PositionTabBar */ = {
			isa = PBXGroup;
			children = (
				C43F3F47290A717100B03A04 /* PositionTabBarDelegate.swift */,
				C43F3F49290A71B800B03A04 /* PositionTabBar.swift */,
				C43F3F40290A6E5400B03A04 /* PositionTabBarCollectionViewCell.swift */,
				C458CAF2291106B0004E6D74 /* IndicatorView.swift */,
			);
			path = PositionTabBar;
			sourceTree = "<group>";
		};
		C440CCF82901139D008B3C16 /* PreviewHelpers */ = {
			isa = PBXGroup;
			children = (
				C440CCF9290113C6008B3C16 /* SwiftUIPreview.swift */,
				C440CCFB290113DD008B3C16 /* SwiftUIPreviewController.swift */,
			);
			path = PreviewHelpers;
			sourceTree = "<group>";
		};
		C440CCFD29011486008B3C16 /* Settings */ = {
			isa = PBXGroup;
			children = (
				C440CD1229018617008B3C16 /* View */,
				C440CD1129017E66008B3C16 /* SectionCell */,
			);
			path = Settings;
			sourceTree = "<group>";
		};
		C440CD0E29017E3A008B3C16 /* Protocol */ = {
			isa = PBXGroup;
			children = (
				C440CD0F29017E50008B3C16 /* CellCustomizable.swift */,
			);
			path = Protocol;
			sourceTree = "<group>";
		};
		C440CD1129017E66008B3C16 /* SectionCell */ = {
			isa = PBXGroup;
			children = (
				C440CD0E29017E3A008B3C16 /* Protocol */,
				C440CD0629011505008B3C16 /* SettingsSection.swift */,
				C440CD02290114E2008B3C16 /* SettingsCell.swift */,
				204600922901180C004A3417 /* PushNotificationCell.swift */,
			);
			path = SectionCell;
			sourceTree = "<group>";
		};
		C440CD1229018617008B3C16 /* View */ = {
			isa = PBXGroup;
			children = (
				C440CD00290114D1008B3C16 /* SettingsViewController.swift */,
				C440CCFE290114BD008B3C16 /* SettingsTableView.swift */,
				20528ECF2902799E003046A3 /* SettingsStickyHeaderView.swift */,
			);
			path = View;
			sourceTree = "<group>";
		};
		C458CAE72910C24E004E6D74 /* SummonerRegister */ = {
			isa = PBXGroup;
			children = (
				20C7668E291CBB8D00E94133 /* View */,
				20C7668F291CBB9700E94133 /* ViewModel */,
			);
			path = SummonerRegister;
			sourceTree = "<group>";
		};
		C458CAF429110B0A004E6D74 /* SummonerSearch */ = {
			isa = PBXGroup;
			children = (
				C458CAF529110B27004E6D74 /* SummonerSearchTableView.swift */,
				C458CAF929111F43004E6D74 /* SummonerSearchTableHeaderView.swift */,
				C458CAF729110D4F004E6D74 /* SummonerSearchTableViewCell.swift */,
				C458CAFB29112276004E6D74 /* SummonerSearchViewController.swift */,
			);
			path = SummonerSearch;
			sourceTree = "<group>";
		};
		C4AC8065291B67F300C5A550 /* SelectedSummoner */ = {
			isa = PBXGroup;
			children = (
				20C7668D291CBB8500E94133 /* View */,
			);
			path = SelectedSummoner;
			sourceTree = "<group>";
		};
		C4AC8078291B88DB00C5A550 /* UnselectedSummoner */ = {
			isa = PBXGroup;
			children = (
				20C7668C291CBB7D00E94133 /* View */,
			);
			path = UnselectedSummoner;
			sourceTree = "<group>";
		};
		C4E505EA28FE91AA00EEA8C8 /* Builder */ = {
			isa = PBXGroup;
			children = (
				2033279C28FE7479005EF522 /* ButtonBuilder.swift */,
				C4F3DDD429084CBC00137AAC /* LabelBuilder.swift */,
				C4E505E828FE8E3600EEA8C8 /* ImageViewBuilder.swift */,
				C406923A2906759D00A4E48D /* HeaderViewBuilder.swift */,
			);
			path = Builder;
			sourceTree = "<group>";
		};
		C4E505EB28FE91BC00EEA8C8 /* Scene */ = {
			isa = PBXGroup;
			children = (
				C4E505ED28FE91E700EEA8C8 /* Common */,
				C4E505EE28FE91FD00EEA8C8 /* Main */,
				C440CCFD29011486008B3C16 /* Settings */,
			);
			path = Scene;
			sourceTree = "<group>";
		};
		C4E505EC28FE91C400EEA8C8 /* View */ = {
			isa = PBXGroup;
			children = (
				C4EBCC2328FC242900402617 /* MainViewController.swift */,
				20BEA4BB28FD8BA2009F1969 /* MainTopView.swift */,
				C4F3DDC62907F7CE00137AAC /* MainStickyHeaderView.swift */,
				C4F3DDC82907F7DF00137AAC /* MainTableView.swift */,
			);
			path = View;
			sourceTree = "<group>";
		};
		C4E505ED28FE91E700EEA8C8 /* Common */ = {
			isa = PBXGroup;
			children = (
				202B4C43291B71C00078A03E /* ViewModel */,
				205BC1B02907F9C0004053F3 /* View */,
				C406923C29067C1E00A4E48D /* Section */,
			);
			path = Common;
			sourceTree = "<group>";
		};
		C4E505EE28FE91FD00EEA8C8 /* Main */ = {
			isa = PBXGroup;
			children = (
				C4E505EC28FE91C400EEA8C8 /* View */,
				C4F3DDAF2907E92400137AAC /* SectionView */,
			);
			path = Main;
			sourceTree = "<group>";
		};
		C4EBCC1328FC242900402617 = {
			isa = PBXGroup;
			children = (
				C4EBCC1E28FC242900402617 /* OP.GGCloneCoding */,
				C4EBCC1D28FC242900402617 /* Products */,
			);
			sourceTree = "<group>";
		};
		C4EBCC1D28FC242900402617 /* Products */ = {
			isa = PBXGroup;
			children = (
				C4EBCC1C28FC242900402617 /* OP.GGCloneCoding.app */,
			);
			name = Products;
			sourceTree = "<group>";
		};
		C4EBCC1E28FC242900402617 /* OP.GGCloneCoding */ = {
			isa = PBXGroup;
			children = (
				20336A4A291545F3001BDF7D /* Domain */,
				20336A4029154412001BDF7D /* Data */,
				20336A2829150ACA001BDF7D /* Infrastructure */,
				C440CCF82901139D008B3C16 /* PreviewHelpers */,
				203CD71628FC36470037B457 /* Application */,
				203CD71528FC35D40037B457 /* Resource */,
				205BC1A32907E84E004053F3 /* Extension */,
				C43F3F3A290A6CBC00B03A04 /* Protocol */,
				C4E505EA28FE91AA00EEA8C8 /* Builder */,
				C4E505EB28FE91BC00EEA8C8 /* Scene */,
			);
			path = OP.GGCloneCoding;
			sourceTree = "<group>";
		};
		C4F3DDAF2907E92400137AAC /* SectionView */ = {
			isa = PBXGroup;
			children = (
				C4F3DDC42907F5E200137AAC /* MainSection.swift */,
				C4F3DDB02907E93A00137AAC /* MySummoner */,
				C4F3DDB32907E99300137AAC /* FavoriteSummoner */,
				C4F3DDB62907E9E000137AAC /* PatchNote */,
				C43F3F3D290A6DC200B03A04 /* ChampionTier */,
				205BC1A62907EC97004053F3 /* FavoriteChampion */,
				205BC1A92907EE8F004053F3 /* ChampiosAndSkinOnSale */,
				C4F3DDCA29080F0300137AAC /* TodayTMI */,
				205BC1B4290828E4004053F3 /* OtherGames */,
				203F1D45290918BD002C5F5A /* MoreInformation */,
			);
			path = SectionView;
			sourceTree = "<group>";
		};
		C4F3DDB02907E93A00137AAC /* MySummoner */ = {
			isa = PBXGroup;
			children = (
				C4F3DDB12907E94F00137AAC /* MySummonerCell.swift */,
				C4AC8078291B88DB00C5A550 /* UnselectedSummoner */,
				C4AC8065291B67F300C5A550 /* SelectedSummoner */,
				C458CAE72910C24E004E6D74 /* SummonerRegister */,
			);
			path = MySummoner;
			sourceTree = "<group>";
		};
		C4F3DDB32907E99300137AAC /* FavoriteSummoner */ = {
			isa = PBXGroup;
			children = (
				C4F3DDB42907E9AD00137AAC /* FavoriteSummonerCell.swift */,
				C4AC80342913942600C5A550 /* FavoriteSummonerCellDelegate.swift */,
				C458CAF429110B0A004E6D74 /* SummonerSearch */,
			);
			path = FavoriteSummoner;
			sourceTree = "<group>";
		};
		C4F3DDB62907E9E000137AAC /* PatchNote */ = {
			isa = PBXGroup;
			children = (
				C4F3DDB72907E9F800137AAC /* PatchNoteCell.swift */,
				C4BDF00F290BFA4500352994 /* PatchNoteDelegate.swift */,
				C4F3DDB92907EA3600137AAC /* PatchNoteImageView.swift */,
			);
			path = PatchNote;
			sourceTree = "<group>";
		};
		C4F3DDCA29080F0300137AAC /* TodayTMI */ = {
			isa = PBXGroup;
			children = (
				C4F3DDCD29080F5900137AAC /* TodayTMICell.swift */,
			);
			path = TodayTMI;
			sourceTree = "<group>";
		};
/* End PBXGroup section */

/* Begin PBXNativeTarget section */
		C4EBCC1B28FC242900402617 /* OP.GGCloneCoding */ = {
			isa = PBXNativeTarget;
			buildConfigurationList = C4EBCC3028FC242B00402617 /* Build configuration list for PBXNativeTarget "OP.GGCloneCoding" */;
			buildPhases = (
				C4EBCC1828FC242900402617 /* Sources */,
				C4EBCC1928FC242900402617 /* Frameworks */,
				C4EBCC1A28FC242900402617 /* Resources */,
			);
			buildRules = (
			);
			dependencies = (
			);
			name = OP.GGCloneCoding;
			packageProductDependencies = (
				C41BF02328FD4D90008D0BD8 /* Lottie */,
			);
			productName = OP.GGCloneCoding;
			productReference = C4EBCC1C28FC242900402617 /* OP.GGCloneCoding.app */;
			productType = "com.apple.product-type.application";
		};
/* End PBXNativeTarget section */

/* Begin PBXProject section */
		C4EBCC1428FC242900402617 /* Project object */ = {
			isa = PBXProject;
			attributes = {
				BuildIndependentTargetsInParallel = 1;
				LastSwiftUpdateCheck = 1400;
				LastUpgradeCheck = 1400;
				TargetAttributes = {
					C4EBCC1B28FC242900402617 = {
						CreatedOnToolsVersion = 14.0;
					};
				};
			};
			buildConfigurationList = C4EBCC1728FC242900402617 /* Build configuration list for PBXProject "OP.GGCloneCoding" */;
			compatibilityVersion = "Xcode 14.0";
			developmentRegion = en;
			hasScannedForEncodings = 0;
			knownRegions = (
				en,
				Base,
			);
			mainGroup = C4EBCC1328FC242900402617;
			packageReferences = (
				C41BF02228FD4D90008D0BD8 /* XCRemoteSwiftPackageReference "lottie-ios" */,
			);
			productRefGroup = C4EBCC1D28FC242900402617 /* Products */;
			projectDirPath = "";
			projectRoot = "";
			targets = (
				C4EBCC1B28FC242900402617 /* OP.GGCloneCoding */,
			);
		};
/* End PBXProject section */

/* Begin PBXResourcesBuildPhase section */
		C4EBCC1A28FC242900402617 /* Resources */ = {
			isa = PBXResourcesBuildPhase;
			buildActionMask = 2147483647;
			files = (
				C436A08028FD63BF00E261F7 /* LoadingIndicator.json in Resources */,
				C4EBCC2C28FC242B00402617 /* LaunchScreen.storyboard in Resources */,
				C4EBCC2928FC242B00402617 /* Assets.xcassets in Resources */,
			);
			runOnlyForDeploymentPostprocessing = 0;
		};
/* End PBXResourcesBuildPhase section */

/* Begin PBXSourcesBuildPhase section */
		C4EBCC1828FC242900402617 /* Sources */ = {
			isa = PBXSourcesBuildPhase;
			buildActionMask = 2147483647;
			files = (
				203F0010290BC34600BF95F7 /* OtherGamesDelegate.swift in Sources */,
				C440CCFF290114BD008B3C16 /* SettingsTableView.swift in Sources */,
				203F1D47290918D4002C5F5A /* MoreInformationCell.swift in Sources */,
				20336A5029154668001BDF7D /* Summoner.swift in Sources */,
				205BC1A52907E85B004053F3 /* String+Extension.swift in Sources */,
				C43F3F48290A717100B03A04 /* PositionTabBarDelegate.swift in Sources */,
				C440CD0729011505008B3C16 /* SettingsSection.swift in Sources */,
				20336A5429154723001BDF7D /* SummonerSearchUseCase.swift in Sources */,
				C4EBCC2428FC242900402617 /* MainViewController.swift in Sources */,
				C4F3DDD529084CBC00137AAC /* LabelBuilder.swift in Sources */,
				203F0012290BD76300BF95F7 /* EmptySummonerView.swift in Sources */,
				C440CD1029017E50008B3C16 /* CellCustomizable.swift in Sources */,
				C43F3F4A290A71B800B03A04 /* PositionTabBar.swift in Sources */,
				20336A3529150C5C001BDF7D /* APIError.swift in Sources */,
				20336A3C29151062001BDF7D /* RiotAPIService.swift in Sources */,
				20528ED02902799E003046A3 /* SettingsStickyHeaderView.swift in Sources */,
				20336A3329150C48001BDF7D /* HTTPMethod.swift in Sources */,
				C458CAFA29111F44004E6D74 /* SummonerSearchTableHeaderView.swift in Sources */,
				C4F3DDC52907F5E200137AAC /* MainSection.swift in Sources */,
				205BC1AD2907EEE4004053F3 /* MainSkinOnSaleView.swift in Sources */,
				C458CB002911608E004E6D74 /* SearchTextField.swift in Sources */,
				20C766AA291CF9A800E94133 /* SummonerMatchListViewModel.swift in Sources */,
				C458CAEF2910F928004E6D74 /* UnselectedSummonerViewDelegate.swift in Sources */,
				C4F3DDCE29080F5900137AAC /* TodayTMICell.swift in Sources */,
				2033279F28FEA531005EF522 /* TabBarController.swift in Sources */,
				C458CAF12910FA7A004E6D74 /* SummonerRegisterTopViewDelegate.swift in Sources */,
				C4F3DDB22907E94F00137AAC /* MySummonerCell.swift in Sources */,
				203F1D49290918DB002C5F5A /* MoreInformationButton.swift in Sources */,
				C440CCFA290113C6008B3C16 /* SwiftUIPreview.swift in Sources */,
				20336A5629154928001BDF7D /* DTOError.swift in Sources */,
				20528ECE29027683003046A3 /* HeaderView.swift in Sources */,
				205BC1B6290828FB004053F3 /* OtherGamesCell.swift in Sources */,
				C440CD03290114E2008B3C16 /* SettingsCell.swift in Sources */,
				C43F3F45290A70E500B03A04 /* ChampionTierCollectionView.swift in Sources */,
				202B4C40291B70D70078A03E /* SummonerRegisterViewModel.swift in Sources */,
				2033279D28FE7479005EF522 /* ButtonBuilder.swift in Sources */,
				202B4C45291B71CC0078A03E /* AlertViewModel.swift in Sources */,
				20336A2D29150B29001BDF7D /* APIRequest.swift in Sources */,
				203F0014290BE31100BF95F7 /* UIView+Extension.swift in Sources */,
				20C766A0291CEF5B00E94133 /* RiotSummonerMatchListAPIRequest.swift in Sources */,
				C4C977A429222D28000436D0 /* ViewModel.swift in Sources */,
				20C766A8291CF56A00E94133 /* SummonerMatchListUseCase.swift in Sources */,
				C43F3F3C290A6CCA00B03A04 /* ReuseIdentifiable.swift in Sources */,
				20C766A6291CF43500E94133 /* DefaultSummonerMatchListRepository.swift in Sources */,
				20336A4629154508001BDF7D /* RiotSummonerAPIRequest.swift in Sources */,
				205BC1AB2907EEAF004053F3 /* ChampionsAndSkinsOnSaleCell.swift in Sources */,
				20C76696291CC9F600E94133 /* SummonerRank.swift in Sources */,
				C4F3DDBA2907EA3600137AAC /* PatchNoteImageView.swift in Sources */,
				C458CAF3291106B0004E6D74 /* IndicatorView.swift in Sources */,
				20336A3729150F2F001BDF7D /* APIService.swift in Sources */,
				C4F3DDB82907E9F800137AAC /* PatchNoteCell.swift in Sources */,
				C440CCFC290113DD008B3C16 /* SwiftUIPreviewController.swift in Sources */,
				20C7669E291CCF1700E94133 /* SummonerRankViewModel.swift in Sources */,
				202B4C42291B71860078A03E /* ErrorAlertController.swift in Sources */,
				20336A4929154571001BDF7D /* DefaultSummonerRepostiory.swift in Sources */,
				C436A08228FD640C00E261F7 /* LoadingView.swift in Sources */,
				20C76694291CC30500E94133 /* RiotSummonerRankAPIRequest.swift in Sources */,
				20336A442915444B001BDF7D /* RiotAPIResponseDTO.swift in Sources */,
				20336A2F29150C14001BDF7D /* URLHost.swift in Sources */,
				C43F3F41290A6E5400B03A04 /* PositionTabBarCollectionViewCell.swift in Sources */,
				202B4C47291B76510078A03E /* SummonerRegisterViewDelegate.swift in Sources */,
				205BC1A82907ECCF004053F3 /* FavoriteChampionCell.swift in Sources */,
				C4AC80352913942600C5A550 /* FavoriteSummonerCellDelegate.swift in Sources */,
				20C766A4291CF2CD00E94133 /* SummonerMatchListRepository.swift in Sources */,
				C4AC806B291B681800C5A550 /* ChampionRateView.swift in Sources */,
				20C76698291CCD7900E94133 /* SummonerRankRepository.swift in Sources */,
				C458CAED2910ECAD004E6D74 /* SummonerRegisterViewController.swift in Sources */,
				C43F3F81290BCCAF00B03A04 /* ChampionImageView.swift in Sources */,
				C4E505E928FE8E3700EEA8C8 /* ImageViewBuilder.swift in Sources */,
				20336A3F29152D78001BDF7D /* RiotAPIRequest.swift in Sources */,
				C406923B2906759D00A4E48D /* HeaderViewBuilder.swift in Sources */,
				C4F3DDC92907F7DF00137AAC /* MainTableView.swift in Sources */,
				C458CAE62910C239004E6D74 /* SummonerRegisterView.swift in Sources */,
				C43F3F83290BCCBF00B03A04 /* ChampionTierView.swift in Sources */,
				205BC1AF2907EEF3004053F3 /* ChampionsAndSkinsOnSaleView.swift in Sources */,
				C4EBCC2028FC242900402617 /* AppDelegate.swift in Sources */,
				C4AC806D291B682700C5A550 /* SummonerDescriptionView.swift in Sources */,
				C458CAF829110D4F004E6D74 /* SummonerSearchTableViewCell.swift in Sources */,
				C43F3F43290A6EEA00B03A04 /* ChampionTierCollectionViewCell.swift in Sources */,
				C4F3DDB52907E9AD00137AAC /* FavoriteSummonerCell.swift in Sources */,
				C458CAE92910C28F004E6D74 /* SummonerRegisterTopView.swift in Sources */,
				C4F3DDC72907F7CE00137AAC /* MainStickyHeaderView.swift in Sources */,
				C4F3DDD32908179600137AAC /* PaddingLabel.swift in Sources */,
				C406923E29067C3100A4E48D /* HeaderViewButton.swift in Sources */,
				20336A3129150C2F001BDF7D /* URLPath.swift in Sources */,
				C458CAF629110B27004E6D74 /* SummonerSearchTableView.swift in Sources */,
				C458CAFC29112276004E6D74 /* SummonerSearchViewController.swift in Sources */,
				204A9C37290A7A4500D70FC4 /* UICollectionView+Extension.swift in Sources */,
				20336A52291546A3001BDF7D /* SummonerRepository.swift in Sources */,
				20C766AC291D149400E94133 /* RiotSummonerMatchAPIRequest.swift in Sources */,
				C4AC8069291B680C00C5A550 /* DetailView.swift in Sources */,
				C4AC807A291B88F200C5A550 /* UnselectedSummonerView.swift in Sources */,
				C4EBCC2228FC242900402617 /* SceneDelegate.swift in Sources */,
				C4BDF010290BFA4500352994 /* PatchNoteDelegate.swift in Sources */,
				20C766B0291D250100E94133 /* SummonerMatch.swift in Sources */,
				C43F3F4C290A751100B03A04 /* ChampionTierTableViewCell.swift in Sources */,
				204600932901180C004A3417 /* PushNotificationCell.swift in Sources */,
				20BEA4BC28FD8BA2009F1969 /* MainTopView.swift in Sources */,
				20C7669A291CCDAA00E94133 /* DefaultSummonerRankRepository.swift in Sources */,
				C440CD01290114D1008B3C16 /* SettingsViewController.swift in Sources */,
				20C7669C291CCE7100E94133 /* SummonerRankUseCase.swift in Sources */,
				C4AC8067291B680400C5A550 /* SelectedSummonerView.swift in Sources */,
			);
			runOnlyForDeploymentPostprocessing = 0;
		};
/* End PBXSourcesBuildPhase section */

/* Begin PBXVariantGroup section */
		C4EBCC2A28FC242B00402617 /* LaunchScreen.storyboard */ = {
			isa = PBXVariantGroup;
			children = (
				C4EBCC2B28FC242B00402617 /* Base */,
			);
			name = LaunchScreen.storyboard;
			sourceTree = "<group>";
		};
/* End PBXVariantGroup section */

/* Begin XCBuildConfiguration section */
		C4EBCC2E28FC242B00402617 /* Debug */ = {
			isa = XCBuildConfiguration;
			buildSettings = {
				ALWAYS_SEARCH_USER_PATHS = NO;
				CLANG_ANALYZER_NONNULL = YES;
				CLANG_ANALYZER_NUMBER_OBJECT_CONVERSION = YES_AGGRESSIVE;
				CLANG_CXX_LANGUAGE_STANDARD = "gnu++20";
				CLANG_ENABLE_MODULES = YES;
				CLANG_ENABLE_OBJC_ARC = YES;
				CLANG_ENABLE_OBJC_WEAK = YES;
				CLANG_WARN_BLOCK_CAPTURE_AUTORELEASING = YES;
				CLANG_WARN_BOOL_CONVERSION = YES;
				CLANG_WARN_COMMA = YES;
				CLANG_WARN_CONSTANT_CONVERSION = YES;
				CLANG_WARN_DEPRECATED_OBJC_IMPLEMENTATIONS = YES;
				CLANG_WARN_DIRECT_OBJC_ISA_USAGE = YES_ERROR;
				CLANG_WARN_DOCUMENTATION_COMMENTS = YES;
				CLANG_WARN_EMPTY_BODY = YES;
				CLANG_WARN_ENUM_CONVERSION = YES;
				CLANG_WARN_INFINITE_RECURSION = YES;
				CLANG_WARN_INT_CONVERSION = YES;
				CLANG_WARN_NON_LITERAL_NULL_CONVERSION = YES;
				CLANG_WARN_OBJC_IMPLICIT_RETAIN_SELF = YES;
				CLANG_WARN_OBJC_LITERAL_CONVERSION = YES;
				CLANG_WARN_OBJC_ROOT_CLASS = YES_ERROR;
				CLANG_WARN_QUOTED_INCLUDE_IN_FRAMEWORK_HEADER = YES;
				CLANG_WARN_RANGE_LOOP_ANALYSIS = YES;
				CLANG_WARN_STRICT_PROTOTYPES = YES;
				CLANG_WARN_SUSPICIOUS_MOVE = YES;
				CLANG_WARN_UNGUARDED_AVAILABILITY = YES_AGGRESSIVE;
				CLANG_WARN_UNREACHABLE_CODE = YES;
				CLANG_WARN__DUPLICATE_METHOD_MATCH = YES;
				COPY_PHASE_STRIP = NO;
				DEBUG_INFORMATION_FORMAT = dwarf;
				ENABLE_STRICT_OBJC_MSGSEND = YES;
				ENABLE_TESTABILITY = YES;
				GCC_C_LANGUAGE_STANDARD = gnu11;
				GCC_DYNAMIC_NO_PIC = NO;
				GCC_NO_COMMON_BLOCKS = YES;
				GCC_OPTIMIZATION_LEVEL = 0;
				GCC_PREPROCESSOR_DEFINITIONS = (
					"DEBUG=1",
					"$(inherited)",
				);
				GCC_WARN_64_TO_32_BIT_CONVERSION = YES;
				GCC_WARN_ABOUT_RETURN_TYPE = YES_ERROR;
				GCC_WARN_UNDECLARED_SELECTOR = YES;
				GCC_WARN_UNINITIALIZED_AUTOS = YES_AGGRESSIVE;
				GCC_WARN_UNUSED_FUNCTION = YES;
				GCC_WARN_UNUSED_VARIABLE = YES;
				IPHONEOS_DEPLOYMENT_TARGET = 13.0;
				MTL_ENABLE_DEBUG_INFO = INCLUDE_SOURCE;
				MTL_FAST_MATH = YES;
				ONLY_ACTIVE_ARCH = YES;
				SDKROOT = iphoneos;
				SWIFT_ACTIVE_COMPILATION_CONDITIONS = DEBUG;
				SWIFT_OPTIMIZATION_LEVEL = "-Onone";
			};
			name = Debug;
		};
		C4EBCC2F28FC242B00402617 /* Release */ = {
			isa = XCBuildConfiguration;
			buildSettings = {
				ALWAYS_SEARCH_USER_PATHS = NO;
				CLANG_ANALYZER_NONNULL = YES;
				CLANG_ANALYZER_NUMBER_OBJECT_CONVERSION = YES_AGGRESSIVE;
				CLANG_CXX_LANGUAGE_STANDARD = "gnu++20";
				CLANG_ENABLE_MODULES = YES;
				CLANG_ENABLE_OBJC_ARC = YES;
				CLANG_ENABLE_OBJC_WEAK = YES;
				CLANG_WARN_BLOCK_CAPTURE_AUTORELEASING = YES;
				CLANG_WARN_BOOL_CONVERSION = YES;
				CLANG_WARN_COMMA = YES;
				CLANG_WARN_CONSTANT_CONVERSION = YES;
				CLANG_WARN_DEPRECATED_OBJC_IMPLEMENTATIONS = YES;
				CLANG_WARN_DIRECT_OBJC_ISA_USAGE = YES_ERROR;
				CLANG_WARN_DOCUMENTATION_COMMENTS = YES;
				CLANG_WARN_EMPTY_BODY = YES;
				CLANG_WARN_ENUM_CONVERSION = YES;
				CLANG_WARN_INFINITE_RECURSION = YES;
				CLANG_WARN_INT_CONVERSION = YES;
				CLANG_WARN_NON_LITERAL_NULL_CONVERSION = YES;
				CLANG_WARN_OBJC_IMPLICIT_RETAIN_SELF = YES;
				CLANG_WARN_OBJC_LITERAL_CONVERSION = YES;
				CLANG_WARN_OBJC_ROOT_CLASS = YES_ERROR;
				CLANG_WARN_QUOTED_INCLUDE_IN_FRAMEWORK_HEADER = YES;
				CLANG_WARN_RANGE_LOOP_ANALYSIS = YES;
				CLANG_WARN_STRICT_PROTOTYPES = YES;
				CLANG_WARN_SUSPICIOUS_MOVE = YES;
				CLANG_WARN_UNGUARDED_AVAILABILITY = YES_AGGRESSIVE;
				CLANG_WARN_UNREACHABLE_CODE = YES;
				CLANG_WARN__DUPLICATE_METHOD_MATCH = YES;
				COPY_PHASE_STRIP = NO;
				DEBUG_INFORMATION_FORMAT = "dwarf-with-dsym";
				ENABLE_NS_ASSERTIONS = NO;
				ENABLE_STRICT_OBJC_MSGSEND = YES;
				GCC_C_LANGUAGE_STANDARD = gnu11;
				GCC_NO_COMMON_BLOCKS = YES;
				GCC_WARN_64_TO_32_BIT_CONVERSION = YES;
				GCC_WARN_ABOUT_RETURN_TYPE = YES_ERROR;
				GCC_WARN_UNDECLARED_SELECTOR = YES;
				GCC_WARN_UNINITIALIZED_AUTOS = YES_AGGRESSIVE;
				GCC_WARN_UNUSED_FUNCTION = YES;
				GCC_WARN_UNUSED_VARIABLE = YES;
				IPHONEOS_DEPLOYMENT_TARGET = 13.0;
				MTL_ENABLE_DEBUG_INFO = NO;
				MTL_FAST_MATH = YES;
				SDKROOT = iphoneos;
				SWIFT_COMPILATION_MODE = wholemodule;
				SWIFT_OPTIMIZATION_LEVEL = "-O";
				VALIDATE_PRODUCT = YES;
			};
			name = Release;
		};
		C4EBCC3128FC242B00402617 /* Debug */ = {
			isa = XCBuildConfiguration;
			buildSettings = {
				ASSETCATALOG_COMPILER_APPICON_NAME = AppIcon;
				ASSETCATALOG_COMPILER_GLOBAL_ACCENT_COLOR_NAME = AccentColor;
				CODE_SIGN_STYLE = Automatic;
				CURRENT_PROJECT_VERSION = 1;
				DEVELOPMENT_TEAM = R92FDJTURC;
				GENERATE_INFOPLIST_FILE = YES;
				INFOPLIST_FILE = OP.GGCloneCoding/Resource/Info.plist;
				INFOPLIST_KEY_UIApplicationSupportsIndirectInputEvents = YES;
				INFOPLIST_KEY_UILaunchStoryboardName = LaunchScreen;
				INFOPLIST_KEY_UISupportedInterfaceOrientations_iPad = "UIInterfaceOrientationPortrait UIInterfaceOrientationPortraitUpsideDown UIInterfaceOrientationLandscapeLeft UIInterfaceOrientationLandscapeRight";
				INFOPLIST_KEY_UISupportedInterfaceOrientations_iPhone = "UIInterfaceOrientationPortrait UIInterfaceOrientationLandscapeLeft UIInterfaceOrientationLandscapeRight";
				IPHONEOS_DEPLOYMENT_TARGET = 13.0;
				LD_RUNPATH_SEARCH_PATHS = (
					"$(inherited)",
					"@executable_path/Frameworks",
				);
				MARKETING_VERSION = 1.0;
				PRODUCT_BUNDLE_IDENTIFIER = "bard.OP-GGCloneCoding";
				PRODUCT_NAME = "$(TARGET_NAME)";
				SWIFT_EMIT_LOC_STRINGS = YES;
				SWIFT_VERSION = 5.0;
				TARGETED_DEVICE_FAMILY = "1,2";
			};
			name = Debug;
		};
		C4EBCC3228FC242B00402617 /* Release */ = {
			isa = XCBuildConfiguration;
			buildSettings = {
				ASSETCATALOG_COMPILER_APPICON_NAME = AppIcon;
				ASSETCATALOG_COMPILER_GLOBAL_ACCENT_COLOR_NAME = AccentColor;
				CODE_SIGN_STYLE = Automatic;
				CURRENT_PROJECT_VERSION = 1;
				DEVELOPMENT_TEAM = R92FDJTURC;
				GENERATE_INFOPLIST_FILE = YES;
				INFOPLIST_FILE = OP.GGCloneCoding/Resource/Info.plist;
				INFOPLIST_KEY_UIApplicationSupportsIndirectInputEvents = YES;
				INFOPLIST_KEY_UILaunchStoryboardName = LaunchScreen;
				INFOPLIST_KEY_UISupportedInterfaceOrientations_iPad = "UIInterfaceOrientationPortrait UIInterfaceOrientationPortraitUpsideDown UIInterfaceOrientationLandscapeLeft UIInterfaceOrientationLandscapeRight";
				INFOPLIST_KEY_UISupportedInterfaceOrientations_iPhone = "UIInterfaceOrientationPortrait UIInterfaceOrientationLandscapeLeft UIInterfaceOrientationLandscapeRight";
				IPHONEOS_DEPLOYMENT_TARGET = 13.0;
				LD_RUNPATH_SEARCH_PATHS = (
					"$(inherited)",
					"@executable_path/Frameworks",
				);
				MARKETING_VERSION = 1.0;
				PRODUCT_BUNDLE_IDENTIFIER = "bard.OP-GGCloneCoding";
				PRODUCT_NAME = "$(TARGET_NAME)";
				SWIFT_EMIT_LOC_STRINGS = YES;
				SWIFT_VERSION = 5.0;
				TARGETED_DEVICE_FAMILY = "1,2";
			};
			name = Release;
		};
/* End XCBuildConfiguration section */

/* Begin XCConfigurationList section */
		C4EBCC1728FC242900402617 /* Build configuration list for PBXProject "OP.GGCloneCoding" */ = {
			isa = XCConfigurationList;
			buildConfigurations = (
				C4EBCC2E28FC242B00402617 /* Debug */,
				C4EBCC2F28FC242B00402617 /* Release */,
			);
			defaultConfigurationIsVisible = 0;
			defaultConfigurationName = Release;
		};
		C4EBCC3028FC242B00402617 /* Build configuration list for PBXNativeTarget "OP.GGCloneCoding" */ = {
			isa = XCConfigurationList;
			buildConfigurations = (
				C4EBCC3128FC242B00402617 /* Debug */,
				C4EBCC3228FC242B00402617 /* Release */,
			);
			defaultConfigurationIsVisible = 0;
			defaultConfigurationName = Release;
		};
/* End XCConfigurationList section */

/* Begin XCRemoteSwiftPackageReference section */
		C41BF02228FD4D90008D0BD8 /* XCRemoteSwiftPackageReference "lottie-ios" */ = {
			isa = XCRemoteSwiftPackageReference;
			repositoryURL = "https://github.com/airbnb/lottie-ios";
			requirement = {
				kind = upToNextMajorVersion;
				minimumVersion = 3.0.0;
			};
		};
/* End XCRemoteSwiftPackageReference section */

/* Begin XCSwiftPackageProductDependency section */
		C41BF02328FD4D90008D0BD8 /* Lottie */ = {
			isa = XCSwiftPackageProductDependency;
			package = C41BF02228FD4D90008D0BD8 /* XCRemoteSwiftPackageReference "lottie-ios" */;
			productName = Lottie;
		};
/* End XCSwiftPackageProductDependency section */
	};
	rootObject = C4EBCC1428FC242900402617 /* Project object */;
}
