// !$*UTF8*$!
{
	archiveVersion = 1;
	classes = {
	};
	objectVersion = 56;
	objects = {

/* Begin PBXBuildFile section */
		2033279D28FE7479005EF522 /* ButtonBuilder.swift in Sources */ = {isa = PBXBuildFile; fileRef = 2033279C28FE7479005EF522 /* ButtonBuilder.swift */; };
		2033279F28FEA531005EF522 /* TabBarController.swift in Sources */ = {isa = PBXBuildFile; fileRef = 2033279E28FEA531005EF522 /* TabBarController.swift */; };
		204600932901180C004A3417 /* PushNotificationCell.swift in Sources */ = {isa = PBXBuildFile; fileRef = 204600922901180C004A3417 /* PushNotificationCell.swift */; };
		20528ECE29027683003046A3 /* HeaderView.swift in Sources */ = {isa = PBXBuildFile; fileRef = 20528ECD29027683003046A3 /* HeaderView.swift */; };
		20528ED02902799E003046A3 /* SettingsStickyHeaderView.swift in Sources */ = {isa = PBXBuildFile; fileRef = 20528ECF2902799E003046A3 /* SettingsStickyHeaderView.swift */; };
		205BC1A52907E85B004053F3 /* String+Extension.swift in Sources */ = {isa = PBXBuildFile; fileRef = 205BC1A42907E85B004053F3 /* String+Extension.swift */; };
		205BC1A82907ECCF004053F3 /* FavoriteChampionCell.swift in Sources */ = {isa = PBXBuildFile; fileRef = 205BC1A72907ECCF004053F3 /* FavoriteChampionCell.swift */; };
		205BC1AB2907EEAF004053F3 /* ChampionsAndSkinsOnSaleCell.swift in Sources */ = {isa = PBXBuildFile; fileRef = 205BC1AA2907EEAF004053F3 /* ChampionsAndSkinsOnSaleCell.swift */; };
		205BC1AD2907EEE4004053F3 /* MainSkinOnSaleView.swift in Sources */ = {isa = PBXBuildFile; fileRef = 205BC1AC2907EEE4004053F3 /* MainSkinOnSaleView.swift */; };
		205BC1AF2907EEF3004053F3 /* ChampionsAndSkinsOnSaleView.swift in Sources */ = {isa = PBXBuildFile; fileRef = 205BC1AE2907EEF3004053F3 /* ChampionsAndSkinsOnSaleView.swift */; };
		20BEA4BC28FD8BA2009F1969 /* MainTopView.swift in Sources */ = {isa = PBXBuildFile; fileRef = 20BEA4BB28FD8BA2009F1969 /* MainTopView.swift */; };
		C406923B2906759D00A4E48D /* HeaderViewBuilder.swift in Sources */ = {isa = PBXBuildFile; fileRef = C406923A2906759D00A4E48D /* HeaderViewBuilder.swift */; };
		C406923E29067C3100A4E48D /* NavigationBarButton.swift in Sources */ = {isa = PBXBuildFile; fileRef = C406923D29067C3100A4E48D /* NavigationBarButton.swift */; };
		C41BF02428FD4D90008D0BD8 /* Lottie in Frameworks */ = {isa = PBXBuildFile; productRef = C41BF02328FD4D90008D0BD8 /* Lottie */; };
		C436A08028FD63BF00E261F7 /* LoadingIndicator.json in Resources */ = {isa = PBXBuildFile; fileRef = C436A07F28FD63BE00E261F7 /* LoadingIndicator.json */; };
		C436A08228FD640C00E261F7 /* LoadingView.swift in Sources */ = {isa = PBXBuildFile; fileRef = C436A08128FD640C00E261F7 /* LoadingView.swift */; };
		C440CCFA290113C6008B3C16 /* SwiftUIPreview.swift in Sources */ = {isa = PBXBuildFile; fileRef = C440CCF9290113C6008B3C16 /* SwiftUIPreview.swift */; };
		C440CCFC290113DD008B3C16 /* SwiftUIPreviewController.swift in Sources */ = {isa = PBXBuildFile; fileRef = C440CCFB290113DD008B3C16 /* SwiftUIPreviewController.swift */; };
		C440CCFF290114BD008B3C16 /* SettingsTableView.swift in Sources */ = {isa = PBXBuildFile; fileRef = C440CCFE290114BD008B3C16 /* SettingsTableView.swift */; };
		C440CD01290114D1008B3C16 /* SettingsViewController.swift in Sources */ = {isa = PBXBuildFile; fileRef = C440CD00290114D1008B3C16 /* SettingsViewController.swift */; };
		C440CD03290114E2008B3C16 /* SettingsCell.swift in Sources */ = {isa = PBXBuildFile; fileRef = C440CD02290114E2008B3C16 /* SettingsCell.swift */; };
		C440CD0729011505008B3C16 /* SettingSection.swift in Sources */ = {isa = PBXBuildFile; fileRef = C440CD0629011505008B3C16 /* SettingSection.swift */; };
		C440CD1029017E50008B3C16 /* CellCustomizable.swift in Sources */ = {isa = PBXBuildFile; fileRef = C440CD0F29017E50008B3C16 /* CellCustomizable.swift */; };
		C4E505E928FE8E3700EEA8C8 /* ImageViewBuilder.swift in Sources */ = {isa = PBXBuildFile; fileRef = C4E505E828FE8E3600EEA8C8 /* ImageViewBuilder.swift */; };
		C4EBCC2028FC242900402617 /* AppDelegate.swift in Sources */ = {isa = PBXBuildFile; fileRef = C4EBCC1F28FC242900402617 /* AppDelegate.swift */; };
		C4EBCC2228FC242900402617 /* SceneDelegate.swift in Sources */ = {isa = PBXBuildFile; fileRef = C4EBCC2128FC242900402617 /* SceneDelegate.swift */; };
		C4EBCC2428FC242900402617 /* MainViewController.swift in Sources */ = {isa = PBXBuildFile; fileRef = C4EBCC2328FC242900402617 /* MainViewController.swift */; };
		C4EBCC2928FC242B00402617 /* Assets.xcassets in Resources */ = {isa = PBXBuildFile; fileRef = C4EBCC2828FC242B00402617 /* Assets.xcassets */; };
		C4EBCC2C28FC242B00402617 /* LaunchScreen.storyboard in Resources */ = {isa = PBXBuildFile; fileRef = C4EBCC2A28FC242B00402617 /* LaunchScreen.storyboard */; };
		C4F3DDB22907E94F00137AAC /* MySummonerCell.swift in Sources */ = {isa = PBXBuildFile; fileRef = C4F3DDB12907E94F00137AAC /* MySummonerCell.swift */; };
		C4F3DDB52907E9AD00137AAC /* FavoriteSummonerCell.swift in Sources */ = {isa = PBXBuildFile; fileRef = C4F3DDB42907E9AD00137AAC /* FavoriteSummonerCell.swift */; };
		C4F3DDB82907E9F800137AAC /* PatchNoteCell.swift in Sources */ = {isa = PBXBuildFile; fileRef = C4F3DDB72907E9F800137AAC /* PatchNoteCell.swift */; };
		C4F3DDBA2907EA3600137AAC /* PatchNoteImageView.swift in Sources */ = {isa = PBXBuildFile; fileRef = C4F3DDB92907EA3600137AAC /* PatchNoteImageView.swift */; };
		C4F3DDC02907F59E00137AAC /* MainStickyHeaderView.swift in Sources */ = {isa = PBXBuildFile; fileRef = C4F3DDBF2907F59E00137AAC /* MainStickyHeaderView.swift */; };
		C4F3DDC22907F5BF00137AAC /* MainTableView.swift in Sources */ = {isa = PBXBuildFile; fileRef = C4F3DDC12907F5BF00137AAC /* MainTableView.swift */; };
		C4F3DDC52907F5E200137AAC /* MainSection.swift in Sources */ = {isa = PBXBuildFile; fileRef = C4F3DDC42907F5E200137AAC /* MainSection.swift */; };
/* End PBXBuildFile section */

/* Begin PBXFileReference section */
		2033279C28FE7479005EF522 /* ButtonBuilder.swift */ = {isa = PBXFileReference; lastKnownFileType = sourcecode.swift; path = ButtonBuilder.swift; sourceTree = "<group>"; };
		2033279E28FEA531005EF522 /* TabBarController.swift */ = {isa = PBXFileReference; lastKnownFileType = sourcecode.swift; path = TabBarController.swift; sourceTree = "<group>"; };
		204600922901180C004A3417 /* PushNotificationCell.swift */ = {isa = PBXFileReference; lastKnownFileType = sourcecode.swift; path = PushNotificationCell.swift; sourceTree = "<group>"; };
		20528ECD29027683003046A3 /* HeaderView.swift */ = {isa = PBXFileReference; lastKnownFileType = sourcecode.swift; path = HeaderView.swift; sourceTree = "<group>"; };
		20528ECF2902799E003046A3 /* SettingsStickyHeaderView.swift */ = {isa = PBXFileReference; lastKnownFileType = sourcecode.swift; path = SettingsStickyHeaderView.swift; sourceTree = "<group>"; };
		205BC1A42907E85B004053F3 /* String+Extension.swift */ = {isa = PBXFileReference; lastKnownFileType = sourcecode.swift; path = "String+Extension.swift"; sourceTree = "<group>"; };
		205BC1A72907ECCF004053F3 /* FavoriteChampionCell.swift */ = {isa = PBXFileReference; lastKnownFileType = sourcecode.swift; path = FavoriteChampionCell.swift; sourceTree = "<group>"; };
		205BC1AA2907EEAF004053F3 /* ChampionsAndSkinsOnSaleCell.swift */ = {isa = PBXFileReference; lastKnownFileType = sourcecode.swift; path = ChampionsAndSkinsOnSaleCell.swift; sourceTree = "<group>"; };
		205BC1AC2907EEE4004053F3 /* MainSkinOnSaleView.swift */ = {isa = PBXFileReference; lastKnownFileType = sourcecode.swift; path = MainSkinOnSaleView.swift; sourceTree = "<group>"; };
		205BC1AE2907EEF3004053F3 /* ChampionsAndSkinsOnSaleView.swift */ = {isa = PBXFileReference; lastKnownFileType = sourcecode.swift; path = ChampionsAndSkinsOnSaleView.swift; sourceTree = "<group>"; };
		20BEA4BB28FD8BA2009F1969 /* MainTopView.swift */ = {isa = PBXFileReference; lastKnownFileType = sourcecode.swift; path = MainTopView.swift; sourceTree = "<group>"; };
		C406923A2906759D00A4E48D /* HeaderViewBuilder.swift */ = {isa = PBXFileReference; lastKnownFileType = sourcecode.swift; path = HeaderViewBuilder.swift; sourceTree = "<group>"; };
		C406923D29067C3100A4E48D /* NavigationBarButton.swift */ = {isa = PBXFileReference; lastKnownFileType = sourcecode.swift; path = NavigationBarButton.swift; sourceTree = "<group>"; };
		C436A07F28FD63BE00E261F7 /* LoadingIndicator.json */ = {isa = PBXFileReference; fileEncoding = 4; lastKnownFileType = text.json; path = LoadingIndicator.json; sourceTree = "<group>"; };
		C436A08128FD640C00E261F7 /* LoadingView.swift */ = {isa = PBXFileReference; lastKnownFileType = sourcecode.swift; path = LoadingView.swift; sourceTree = "<group>"; };
		C440CCF9290113C6008B3C16 /* SwiftUIPreview.swift */ = {isa = PBXFileReference; lastKnownFileType = sourcecode.swift; path = SwiftUIPreview.swift; sourceTree = "<group>"; };
		C440CCFB290113DD008B3C16 /* SwiftUIPreviewController.swift */ = {isa = PBXFileReference; lastKnownFileType = sourcecode.swift; path = SwiftUIPreviewController.swift; sourceTree = "<group>"; };
		C440CCFE290114BD008B3C16 /* SettingsTableView.swift */ = {isa = PBXFileReference; lastKnownFileType = sourcecode.swift; path = SettingsTableView.swift; sourceTree = "<group>"; };
		C440CD00290114D1008B3C16 /* SettingsViewController.swift */ = {isa = PBXFileReference; lastKnownFileType = sourcecode.swift; path = SettingsViewController.swift; sourceTree = "<group>"; };
		C440CD02290114E2008B3C16 /* SettingsCell.swift */ = {isa = PBXFileReference; lastKnownFileType = sourcecode.swift; path = SettingsCell.swift; sourceTree = "<group>"; };
		C440CD0629011505008B3C16 /* SettingSection.swift */ = {isa = PBXFileReference; lastKnownFileType = sourcecode.swift; path = SettingSection.swift; sourceTree = "<group>"; };
		C440CD0F29017E50008B3C16 /* CellCustomizable.swift */ = {isa = PBXFileReference; lastKnownFileType = sourcecode.swift; path = CellCustomizable.swift; sourceTree = "<group>"; };
		C4E505E828FE8E3600EEA8C8 /* ImageViewBuilder.swift */ = {isa = PBXFileReference; lastKnownFileType = sourcecode.swift; path = ImageViewBuilder.swift; sourceTree = "<group>"; };
		C4EBCC1C28FC242900402617 /* OP.GGCloneCoding.app */ = {isa = PBXFileReference; explicitFileType = wrapper.application; includeInIndex = 0; path = OP.GGCloneCoding.app; sourceTree = BUILT_PRODUCTS_DIR; };
		C4EBCC1F28FC242900402617 /* AppDelegate.swift */ = {isa = PBXFileReference; lastKnownFileType = sourcecode.swift; path = AppDelegate.swift; sourceTree = "<group>"; };
		C4EBCC2128FC242900402617 /* SceneDelegate.swift */ = {isa = PBXFileReference; lastKnownFileType = sourcecode.swift; path = SceneDelegate.swift; sourceTree = "<group>"; };
		C4EBCC2328FC242900402617 /* MainViewController.swift */ = {isa = PBXFileReference; lastKnownFileType = sourcecode.swift; path = MainViewController.swift; sourceTree = "<group>"; };
		C4EBCC2828FC242B00402617 /* Assets.xcassets */ = {isa = PBXFileReference; lastKnownFileType = folder.assetcatalog; path = Assets.xcassets; sourceTree = "<group>"; };
		C4EBCC2B28FC242B00402617 /* Base */ = {isa = PBXFileReference; lastKnownFileType = file.storyboard; name = Base; path = Base.lproj/LaunchScreen.storyboard; sourceTree = "<group>"; };
		C4EBCC2D28FC242B00402617 /* Info.plist */ = {isa = PBXFileReference; lastKnownFileType = text.plist.xml; path = Info.plist; sourceTree = "<group>"; };
		C4F3DDB12907E94F00137AAC /* MySummonerCell.swift */ = {isa = PBXFileReference; lastKnownFileType = sourcecode.swift; path = MySummonerCell.swift; sourceTree = "<group>"; };
		C4F3DDB42907E9AD00137AAC /* FavoriteSummonerCell.swift */ = {isa = PBXFileReference; lastKnownFileType = sourcecode.swift; path = FavoriteSummonerCell.swift; sourceTree = "<group>"; };
		C4F3DDB72907E9F800137AAC /* PatchNoteCell.swift */ = {isa = PBXFileReference; lastKnownFileType = sourcecode.swift; path = PatchNoteCell.swift; sourceTree = "<group>"; };
		C4F3DDB92907EA3600137AAC /* PatchNoteImageView.swift */ = {isa = PBXFileReference; lastKnownFileType = sourcecode.swift; path = PatchNoteImageView.swift; sourceTree = "<group>"; };
		C4F3DDBF2907F59E00137AAC /* MainStickyHeaderView.swift */ = {isa = PBXFileReference; lastKnownFileType = sourcecode.swift; path = MainStickyHeaderView.swift; sourceTree = "<group>"; };
		C4F3DDC12907F5BF00137AAC /* MainTableView.swift */ = {isa = PBXFileReference; lastKnownFileType = sourcecode.swift; path = MainTableView.swift; sourceTree = "<group>"; };
		C4F3DDC42907F5E200137AAC /* MainSection.swift */ = {isa = PBXFileReference; lastKnownFileType = sourcecode.swift; path = MainSection.swift; sourceTree = "<group>"; };
/* End PBXFileReference section */

/* Begin PBXFrameworksBuildPhase section */
		C4EBCC1928FC242900402617 /* Frameworks */ = {
			isa = PBXFrameworksBuildPhase;
			buildActionMask = 2147483647;
			files = (
				C41BF02428FD4D90008D0BD8 /* Lottie in Frameworks */,
			);
			runOnlyForDeploymentPostprocessing = 0;
		};
/* End PBXFrameworksBuildPhase section */

/* Begin PBXGroup section */
		203CD71528FC35D40037B457 /* Resource */ = {
			isa = PBXGroup;
			children = (
				C4EBCC2828FC242B00402617 /* Assets.xcassets */,
				C4EBCC2D28FC242B00402617 /* Info.plist */,
				C4EBCC2A28FC242B00402617 /* LaunchScreen.storyboard */,
				C436A07F28FD63BE00E261F7 /* LoadingIndicator.json */,
			);
			path = Resource;
			sourceTree = "<group>";
		};
		203CD71628FC36470037B457 /* Application */ = {
			isa = PBXGroup;
			children = (
				C4EBCC1F28FC242900402617 /* AppDelegate.swift */,
				C4EBCC2128FC242900402617 /* SceneDelegate.swift */,
			);
			path = Application;
			sourceTree = "<group>";
		};
		205BC1A32907E84E004053F3 /* Extension */ = {
			isa = PBXGroup;
			children = (
				205BC1A42907E85B004053F3 /* String+Extension.swift */,
			);
			path = Extension;
			sourceTree = "<group>";
		};
		205BC1A62907EC97004053F3 /* FavoriteChampion */ = {
			isa = PBXGroup;
			children = (
				205BC1A72907ECCF004053F3 /* FavoriteChampionCell.swift */,
			);
			path = FavoriteChampion;
			sourceTree = "<group>";
		};
		205BC1A92907EE8F004053F3 /* ChampiosAndSkinOnSale */ = {
			isa = PBXGroup;
			children = (
				205BC1AA2907EEAF004053F3 /* ChampionsAndSkinsOnSaleCell.swift */,
				205BC1AC2907EEE4004053F3 /* MainSkinOnSaleView.swift */,
				205BC1AE2907EEF3004053F3 /* ChampionsAndSkinsOnSaleView.swift */,
			);
			path = ChampiosAndSkinOnSale;
			sourceTree = "<group>";
		};
		C406923C29067C1E00A4E48D /* Section */ = {
			isa = PBXGroup;
			children = (
				C406923D29067C3100A4E48D /* NavigationBarButton.swift */,
			);
			path = Section;
			sourceTree = "<group>";
		};
		C440CCF82901139D008B3C16 /* PreviewHelpers */ = {
			isa = PBXGroup;
			children = (
				C440CCF9290113C6008B3C16 /* SwiftUIPreview.swift */,
				C440CCFB290113DD008B3C16 /* SwiftUIPreviewController.swift */,
			);
			path = PreviewHelpers;
			sourceTree = "<group>";
		};
		C440CCFD29011486008B3C16 /* Settings */ = {
			isa = PBXGroup;
			children = (
				C440CD1229018617008B3C16 /* View */,
			);
			path = Settings;
			sourceTree = "<group>";
		};
		C440CD05290114FB008B3C16 /* Section */ = {
			isa = PBXGroup;
			children = (
				C440CD0629011505008B3C16 /* SettingSection.swift */,
			);
			path = Section;
			sourceTree = "<group>";
		};
		C440CD0E29017E3A008B3C16 /* Protocol */ = {
			isa = PBXGroup;
			children = (
				C440CD0F29017E50008B3C16 /* CellCustomizable.swift */,
			);
			path = Protocol;
			sourceTree = "<group>";
		};
		C440CD1129017E66008B3C16 /* Cell */ = {
			isa = PBXGroup;
			children = (
				C440CD0E29017E3A008B3C16 /* Protocol */,
				C440CD02290114E2008B3C16 /* SettingsCell.swift */,
				204600922901180C004A3417 /* PushNotificationCell.swift */,
			);
			path = Cell;
			sourceTree = "<group>";
		};
		C440CD1229018617008B3C16 /* View */ = {
			isa = PBXGroup;
			children = (
				C440CD05290114FB008B3C16 /* Section */,
				C440CD00290114D1008B3C16 /* SettingsViewController.swift */,
				C440CCFE290114BD008B3C16 /* SettingsTableView.swift */,
				20528ECF2902799E003046A3 /* SettingsStickyHeaderView.swift */,
				C440CD1129017E66008B3C16 /* Cell */,
			);
			path = View;
			sourceTree = "<group>";
		};
		C4E505EA28FE91AA00EEA8C8 /* Builder */ = {
			isa = PBXGroup;
			children = (
				2033279C28FE7479005EF522 /* ButtonBuilder.swift */,
				C4E505E828FE8E3600EEA8C8 /* ImageViewBuilder.swift */,
				C406923A2906759D00A4E48D /* HeaderViewBuilder.swift */,
			);
			path = Builder;
			sourceTree = "<group>";
		};
		C4E505EB28FE91BC00EEA8C8 /* Scene */ = {
			isa = PBXGroup;
			children = (
				C4E505ED28FE91E700EEA8C8 /* Common */,
				C4E505EE28FE91FD00EEA8C8 /* Main */,
				C440CCFD29011486008B3C16 /* Settings */,
			);
			path = Scene;
			sourceTree = "<group>";
		};
		C4E505EC28FE91C400EEA8C8 /* View */ = {
			isa = PBXGroup;
			children = (
				20BEA4BB28FD8BA2009F1969 /* MainTopView.swift */,
				C4F3DDBF2907F59E00137AAC /* MainStickyHeaderView.swift */,
				C4F3DDC12907F5BF00137AAC /* MainTableView.swift */,
				C4EBCC2328FC242900402617 /* MainViewController.swift */,
				2033279E28FEA531005EF522 /* TabBarController.swift */,
			);
			path = View;
			sourceTree = "<group>";
		};
		C4E505ED28FE91E700EEA8C8 /* Common */ = {
			isa = PBXGroup;
			children = (
				C406923C29067C1E00A4E48D /* Section */,
				C436A08128FD640C00E261F7 /* LoadingView.swift */,
				20528ECD29027683003046A3 /* HeaderView.swift */,
			);
			path = Common;
			sourceTree = "<group>";
		};
		C4E505EE28FE91FD00EEA8C8 /* Main */ = {
			isa = PBXGroup;
			children = (
				C4F3DDC32907F5D900137AAC /* Section */,
				C4E505EC28FE91C400EEA8C8 /* View */,
				C4F3DDAF2907E92400137AAC /* SectionView */,
			);
			path = Main;
			sourceTree = "<group>";
		};
		C4EBCC1328FC242900402617 = {
			isa = PBXGroup;
			children = (
				C4EBCC1E28FC242900402617 /* OP.GGCloneCoding */,
				C4EBCC1D28FC242900402617 /* Products */,
			);
			sourceTree = "<group>";
		};
		C4EBCC1D28FC242900402617 /* Products */ = {
			isa = PBXGroup;
			children = (
				C4EBCC1C28FC242900402617 /* OP.GGCloneCoding.app */,
			);
			name = Products;
			sourceTree = "<group>";
		};
		C4EBCC1E28FC242900402617 /* OP.GGCloneCoding */ = {
			isa = PBXGroup;
			children = (
				C440CCF82901139D008B3C16 /* PreviewHelpers */,
				203CD71628FC36470037B457 /* Application */,
				203CD71528FC35D40037B457 /* Resource */,
				205BC1A32907E84E004053F3 /* Extension */,
				C4E505EA28FE91AA00EEA8C8 /* Builder */,
				C4E505EB28FE91BC00EEA8C8 /* Scene */,
			);
			path = OP.GGCloneCoding;
			sourceTree = "<group>";
		};
		C4F3DDAF2907E92400137AAC /* SectionView */ = {
			isa = PBXGroup;
			children = (
				C4F3DDB02907E93A00137AAC /* MySummoner */,
				C4F3DDB32907E99300137AAC /* FavoriteSummoner */,
				C4F3DDB62907E9E000137AAC /* PatchNote */,
				205BC1A62907EC97004053F3 /* FavoriteChampion */,
				205BC1A92907EE8F004053F3 /* ChampiosAndSkinOnSale */,
			);
			path = SectionView;
			sourceTree = "<group>";
		};
		C4F3DDB02907E93A00137AAC /* MySummoner */ = {
			isa = PBXGroup;
			children = (
				C4F3DDB12907E94F00137AAC /* MySummonerCell.swift */,
			);
			path = MySummoner;
			sourceTree = "<group>";
		};
		C4F3DDB32907E99300137AAC /* FavoriteSummoner */ = {
			isa = PBXGroup;
			children = (
				C4F3DDB42907E9AD00137AAC /* FavoriteSummonerCell.swift */,
			);
			path = FavoriteSummoner;
			sourceTree = "<group>";
		};
		C4F3DDB62907E9E000137AAC /* PatchNote */ = {
			isa = PBXGroup;
			children = (
				C4F3DDB72907E9F800137AAC /* PatchNoteCell.swift */,
				C4F3DDB92907EA3600137AAC /* PatchNoteImageView.swift */,
			);
			path = PatchNote;
			sourceTree = "<group>";
		};
		C4F3DDC32907F5D900137AAC /* Section */ = {
			isa = PBXGroup;
			children = (
				C4F3DDC42907F5E200137AAC /* MainSection.swift */,
			);
			path = Section;
			sourceTree = "<group>";
		};
/* End PBXGroup section */

/* Begin PBXNativeTarget section */
		C4EBCC1B28FC242900402617 /* OP.GGCloneCoding */ = {
			isa = PBXNativeTarget;
			buildConfigurationList = C4EBCC3028FC242B00402617 /* Build configuration list for PBXNativeTarget "OP.GGCloneCoding" */;
			buildPhases = (
				C4EBCC1828FC242900402617 /* Sources */,
				C4EBCC1928FC242900402617 /* Frameworks */,
				C4EBCC1A28FC242900402617 /* Resources */,
			);
			buildRules = (
			);
			dependencies = (
			);
			name = OP.GGCloneCoding;
			packageProductDependencies = (
				C41BF02328FD4D90008D0BD8 /* Lottie */,
			);
			productName = OP.GGCloneCoding;
			productReference = C4EBCC1C28FC242900402617 /* OP.GGCloneCoding.app */;
			productType = "com.apple.product-type.application";
		};
/* End PBXNativeTarget section */

/* Begin PBXProject section */
		C4EBCC1428FC242900402617 /* Project object */ = {
			isa = PBXProject;
			attributes = {
				BuildIndependentTargetsInParallel = 1;
				LastSwiftUpdateCheck = 1400;
				LastUpgradeCheck = 1400;
				TargetAttributes = {
					C4EBCC1B28FC242900402617 = {
						CreatedOnToolsVersion = 14.0;
					};
				};
			};
			buildConfigurationList = C4EBCC1728FC242900402617 /* Build configuration list for PBXProject "OP.GGCloneCoding" */;
			compatibilityVersion = "Xcode 14.0";
			developmentRegion = en;
			hasScannedForEncodings = 0;
			knownRegions = (
				en,
				Base,
			);
			mainGroup = C4EBCC1328FC242900402617;
			packageReferences = (
				C41BF02228FD4D90008D0BD8 /* XCRemoteSwiftPackageReference "lottie-ios" */,
			);
			productRefGroup = C4EBCC1D28FC242900402617 /* Products */;
			projectDirPath = "";
			projectRoot = "";
			targets = (
				C4EBCC1B28FC242900402617 /* OP.GGCloneCoding */,
			);
		};
/* End PBXProject section */

/* Begin PBXResourcesBuildPhase section */
		C4EBCC1A28FC242900402617 /* Resources */ = {
			isa = PBXResourcesBuildPhase;
			buildActionMask = 2147483647;
			files = (
				C436A08028FD63BF00E261F7 /* LoadingIndicator.json in Resources */,
				C4EBCC2C28FC242B00402617 /* LaunchScreen.storyboard in Resources */,
				C4EBCC2928FC242B00402617 /* Assets.xcassets in Resources */,
			);
			runOnlyForDeploymentPostprocessing = 0;
		};
/* End PBXResourcesBuildPhase section */

/* Begin PBXSourcesBuildPhase section */
		C4EBCC1828FC242900402617 /* Sources */ = {
			isa = PBXSourcesBuildPhase;
			buildActionMask = 2147483647;
			files = (
				C440CCFF290114BD008B3C16 /* SettingsTableView.swift in Sources */,
				205BC1A52907E85B004053F3 /* String+Extension.swift in Sources */,
				C440CD0729011505008B3C16 /* SettingSection.swift in Sources */,
				C4EBCC2428FC242900402617 /* MainViewController.swift in Sources */,
				C440CD1029017E50008B3C16 /* CellCustomizable.swift in Sources */,
				20528ED02902799E003046A3 /* SettingsStickyHeaderView.swift in Sources */,
				C4F3DDC52907F5E200137AAC /* MainSection.swift in Sources */,
				205BC1AD2907EEE4004053F3 /* MainSkinOnSaleView.swift in Sources */,
				2033279F28FEA531005EF522 /* TabBarController.swift in Sources */,
				C4F3DDB22907E94F00137AAC /* MySummonerCell.swift in Sources */,
				C440CCFA290113C6008B3C16 /* SwiftUIPreview.swift in Sources */,
				20528ECE29027683003046A3 /* HeaderView.swift in Sources */,
				C440CD03290114E2008B3C16 /* SettingsCell.swift in Sources */,
				2033279D28FE7479005EF522 /* ButtonBuilder.swift in Sources */,
				205BC1AB2907EEAF004053F3 /* ChampionsAndSkinsOnSaleCell.swift in Sources */,
				C4F3DDBA2907EA3600137AAC /* PatchNoteImageView.swift in Sources */,
				C4F3DDC22907F5BF00137AAC /* MainTableView.swift in Sources */,
				C4F3DDC02907F59E00137AAC /* MainStickyHeaderView.swift in Sources */,
				C4F3DDB82907E9F800137AAC /* PatchNoteCell.swift in Sources */,
				C440CCFC290113DD008B3C16 /* SwiftUIPreviewController.swift in Sources */,
				C436A08228FD640C00E261F7 /* LoadingView.swift in Sources */,
				205BC1A82907ECCF004053F3 /* FavoriteChampionCell.swift in Sources */,
				C4E505E928FE8E3700EEA8C8 /* ImageViewBuilder.swift in Sources */,
				C406923B2906759D00A4E48D /* HeaderViewBuilder.swift in Sources */,
				205BC1AF2907EEF3004053F3 /* ChampionsAndSkinsOnSaleView.swift in Sources */,
				C4EBCC2028FC242900402617 /* AppDelegate.swift in Sources */,
				C4F3DDB52907E9AD00137AAC /* FavoriteSummonerCell.swift in Sources */,
				C406923E29067C3100A4E48D /* NavigationBarButton.swift in Sources */,
				C4EBCC2228FC242900402617 /* SceneDelegate.swift in Sources */,
				204600932901180C004A3417 /* PushNotificationCell.swift in Sources */,
				20BEA4BC28FD8BA2009F1969 /* MainTopView.swift in Sources */,
				C440CD01290114D1008B3C16 /* SettingsViewController.swift in Sources */,
			);
			runOnlyForDeploymentPostprocessing = 0;
		};
/* End PBXSourcesBuildPhase section */

/* Begin PBXVariantGroup section */
		C4EBCC2A28FC242B00402617 /* LaunchScreen.storyboard */ = {
			isa = PBXVariantGroup;
			children = (
				C4EBCC2B28FC242B00402617 /* Base */,
			);
			name = LaunchScreen.storyboard;
			sourceTree = "<group>";
		};
/* End PBXVariantGroup section */

/* Begin XCBuildConfiguration section */
		C4EBCC2E28FC242B00402617 /* Debug */ = {
			isa = XCBuildConfiguration;
			buildSettings = {
				ALWAYS_SEARCH_USER_PATHS = NO;
				CLANG_ANALYZER_NONNULL = YES;
				CLANG_ANALYZER_NUMBER_OBJECT_CONVERSION = YES_AGGRESSIVE;
				CLANG_CXX_LANGUAGE_STANDARD = "gnu++20";
				CLANG_ENABLE_MODULES = YES;
				CLANG_ENABLE_OBJC_ARC = YES;
				CLANG_ENABLE_OBJC_WEAK = YES;
				CLANG_WARN_BLOCK_CAPTURE_AUTORELEASING = YES;
				CLANG_WARN_BOOL_CONVERSION = YES;
				CLANG_WARN_COMMA = YES;
				CLANG_WARN_CONSTANT_CONVERSION = YES;
				CLANG_WARN_DEPRECATED_OBJC_IMPLEMENTATIONS = YES;
				CLANG_WARN_DIRECT_OBJC_ISA_USAGE = YES_ERROR;
				CLANG_WARN_DOCUMENTATION_COMMENTS = YES;
				CLANG_WARN_EMPTY_BODY = YES;
				CLANG_WARN_ENUM_CONVERSION = YES;
				CLANG_WARN_INFINITE_RECURSION = YES;
				CLANG_WARN_INT_CONVERSION = YES;
				CLANG_WARN_NON_LITERAL_NULL_CONVERSION = YES;
				CLANG_WARN_OBJC_IMPLICIT_RETAIN_SELF = YES;
				CLANG_WARN_OBJC_LITERAL_CONVERSION = YES;
				CLANG_WARN_OBJC_ROOT_CLASS = YES_ERROR;
				CLANG_WARN_QUOTED_INCLUDE_IN_FRAMEWORK_HEADER = YES;
				CLANG_WARN_RANGE_LOOP_ANALYSIS = YES;
				CLANG_WARN_STRICT_PROTOTYPES = YES;
				CLANG_WARN_SUSPICIOUS_MOVE = YES;
				CLANG_WARN_UNGUARDED_AVAILABILITY = YES_AGGRESSIVE;
				CLANG_WARN_UNREACHABLE_CODE = YES;
				CLANG_WARN__DUPLICATE_METHOD_MATCH = YES;
				COPY_PHASE_STRIP = NO;
				DEBUG_INFORMATION_FORMAT = dwarf;
				ENABLE_STRICT_OBJC_MSGSEND = YES;
				ENABLE_TESTABILITY = YES;
				GCC_C_LANGUAGE_STANDARD = gnu11;
				GCC_DYNAMIC_NO_PIC = NO;
				GCC_NO_COMMON_BLOCKS = YES;
				GCC_OPTIMIZATION_LEVEL = 0;
				GCC_PREPROCESSOR_DEFINITIONS = (
					"DEBUG=1",
					"$(inherited)",
				);
				GCC_WARN_64_TO_32_BIT_CONVERSION = YES;
				GCC_WARN_ABOUT_RETURN_TYPE = YES_ERROR;
				GCC_WARN_UNDECLARED_SELECTOR = YES;
				GCC_WARN_UNINITIALIZED_AUTOS = YES_AGGRESSIVE;
				GCC_WARN_UNUSED_FUNCTION = YES;
				GCC_WARN_UNUSED_VARIABLE = YES;
				IPHONEOS_DEPLOYMENT_TARGET = 13.0;
				MTL_ENABLE_DEBUG_INFO = INCLUDE_SOURCE;
				MTL_FAST_MATH = YES;
				ONLY_ACTIVE_ARCH = YES;
				SDKROOT = iphoneos;
				SWIFT_ACTIVE_COMPILATION_CONDITIONS = DEBUG;
				SWIFT_OPTIMIZATION_LEVEL = "-Onone";
			};
			name = Debug;
		};
		C4EBCC2F28FC242B00402617 /* Release */ = {
			isa = XCBuildConfiguration;
			buildSettings = {
				ALWAYS_SEARCH_USER_PATHS = NO;
				CLANG_ANALYZER_NONNULL = YES;
				CLANG_ANALYZER_NUMBER_OBJECT_CONVERSION = YES_AGGRESSIVE;
				CLANG_CXX_LANGUAGE_STANDARD = "gnu++20";
				CLANG_ENABLE_MODULES = YES;
				CLANG_ENABLE_OBJC_ARC = YES;
				CLANG_ENABLE_OBJC_WEAK = YES;
				CLANG_WARN_BLOCK_CAPTURE_AUTORELEASING = YES;
				CLANG_WARN_BOOL_CONVERSION = YES;
				CLANG_WARN_COMMA = YES;
				CLANG_WARN_CONSTANT_CONVERSION = YES;
				CLANG_WARN_DEPRECATED_OBJC_IMPLEMENTATIONS = YES;
				CLANG_WARN_DIRECT_OBJC_ISA_USAGE = YES_ERROR;
				CLANG_WARN_DOCUMENTATION_COMMENTS = YES;
				CLANG_WARN_EMPTY_BODY = YES;
				CLANG_WARN_ENUM_CONVERSION = YES;
				CLANG_WARN_INFINITE_RECURSION = YES;
				CLANG_WARN_INT_CONVERSION = YES;
				CLANG_WARN_NON_LITERAL_NULL_CONVERSION = YES;
				CLANG_WARN_OBJC_IMPLICIT_RETAIN_SELF = YES;
				CLANG_WARN_OBJC_LITERAL_CONVERSION = YES;
				CLANG_WARN_OBJC_ROOT_CLASS = YES_ERROR;
				CLANG_WARN_QUOTED_INCLUDE_IN_FRAMEWORK_HEADER = YES;
				CLANG_WARN_RANGE_LOOP_ANALYSIS = YES;
				CLANG_WARN_STRICT_PROTOTYPES = YES;
				CLANG_WARN_SUSPICIOUS_MOVE = YES;
				CLANG_WARN_UNGUARDED_AVAILABILITY = YES_AGGRESSIVE;
				CLANG_WARN_UNREACHABLE_CODE = YES;
				CLANG_WARN__DUPLICATE_METHOD_MATCH = YES;
				COPY_PHASE_STRIP = NO;
				DEBUG_INFORMATION_FORMAT = "dwarf-with-dsym";
				ENABLE_NS_ASSERTIONS = NO;
				ENABLE_STRICT_OBJC_MSGSEND = YES;
				GCC_C_LANGUAGE_STANDARD = gnu11;
				GCC_NO_COMMON_BLOCKS = YES;
				GCC_WARN_64_TO_32_BIT_CONVERSION = YES;
				GCC_WARN_ABOUT_RETURN_TYPE = YES_ERROR;
				GCC_WARN_UNDECLARED_SELECTOR = YES;
				GCC_WARN_UNINITIALIZED_AUTOS = YES_AGGRESSIVE;
				GCC_WARN_UNUSED_FUNCTION = YES;
				GCC_WARN_UNUSED_VARIABLE = YES;
				IPHONEOS_DEPLOYMENT_TARGET = 13.0;
				MTL_ENABLE_DEBUG_INFO = NO;
				MTL_FAST_MATH = YES;
				SDKROOT = iphoneos;
				SWIFT_COMPILATION_MODE = wholemodule;
				SWIFT_OPTIMIZATION_LEVEL = "-O";
				VALIDATE_PRODUCT = YES;
			};
			name = Release;
		};
		C4EBCC3128FC242B00402617 /* Debug */ = {
			isa = XCBuildConfiguration;
			buildSettings = {
				ASSETCATALOG_COMPILER_APPICON_NAME = AppIcon;
				ASSETCATALOG_COMPILER_GLOBAL_ACCENT_COLOR_NAME = AccentColor;
				CODE_SIGN_STYLE = Automatic;
				CURRENT_PROJECT_VERSION = 1;
				DEVELOPMENT_TEAM = R92FDJTURC;
				GENERATE_INFOPLIST_FILE = YES;
				INFOPLIST_FILE = OP.GGCloneCoding/Resource/Info.plist;
				INFOPLIST_KEY_UIApplicationSupportsIndirectInputEvents = YES;
				INFOPLIST_KEY_UILaunchStoryboardName = LaunchScreen;
				INFOPLIST_KEY_UISupportedInterfaceOrientations_iPad = "UIInterfaceOrientationPortrait UIInterfaceOrientationPortraitUpsideDown UIInterfaceOrientationLandscapeLeft UIInterfaceOrientationLandscapeRight";
				INFOPLIST_KEY_UISupportedInterfaceOrientations_iPhone = "UIInterfaceOrientationPortrait UIInterfaceOrientationLandscapeLeft UIInterfaceOrientationLandscapeRight";
				IPHONEOS_DEPLOYMENT_TARGET = 13.0;
				LD_RUNPATH_SEARCH_PATHS = (
					"$(inherited)",
					"@executable_path/Frameworks",
				);
				MARKETING_VERSION = 1.0;
				PRODUCT_BUNDLE_IDENTIFIER = "bard.OP-GGCloneCoding";
				PRODUCT_NAME = "$(TARGET_NAME)";
				SWIFT_EMIT_LOC_STRINGS = YES;
				SWIFT_VERSION = 5.0;
				TARGETED_DEVICE_FAMILY = "1,2";
			};
			name = Debug;
		};
		C4EBCC3228FC242B00402617 /* Release */ = {
			isa = XCBuildConfiguration;
			buildSettings = {
				ASSETCATALOG_COMPILER_APPICON_NAME = AppIcon;
				ASSETCATALOG_COMPILER_GLOBAL_ACCENT_COLOR_NAME = AccentColor;
				CODE_SIGN_STYLE = Automatic;
				CURRENT_PROJECT_VERSION = 1;
				DEVELOPMENT_TEAM = R92FDJTURC;
				GENERATE_INFOPLIST_FILE = YES;
				INFOPLIST_FILE = OP.GGCloneCoding/Resource/Info.plist;
				INFOPLIST_KEY_UIApplicationSupportsIndirectInputEvents = YES;
				INFOPLIST_KEY_UILaunchStoryboardName = LaunchScreen;
				INFOPLIST_KEY_UISupportedInterfaceOrientations_iPad = "UIInterfaceOrientationPortrait UIInterfaceOrientationPortraitUpsideDown UIInterfaceOrientationLandscapeLeft UIInterfaceOrientationLandscapeRight";
				INFOPLIST_KEY_UISupportedInterfaceOrientations_iPhone = "UIInterfaceOrientationPortrait UIInterfaceOrientationLandscapeLeft UIInterfaceOrientationLandscapeRight";
				IPHONEOS_DEPLOYMENT_TARGET = 13.0;
				LD_RUNPATH_SEARCH_PATHS = (
					"$(inherited)",
					"@executable_path/Frameworks",
				);
				MARKETING_VERSION = 1.0;
				PRODUCT_BUNDLE_IDENTIFIER = "bard.OP-GGCloneCoding";
				PRODUCT_NAME = "$(TARGET_NAME)";
				SWIFT_EMIT_LOC_STRINGS = YES;
				SWIFT_VERSION = 5.0;
				TARGETED_DEVICE_FAMILY = "1,2";
			};
			name = Release;
		};
/* End XCBuildConfiguration section */

/* Begin XCConfigurationList section */
		C4EBCC1728FC242900402617 /* Build configuration list for PBXProject "OP.GGCloneCoding" */ = {
			isa = XCConfigurationList;
			buildConfigurations = (
				C4EBCC2E28FC242B00402617 /* Debug */,
				C4EBCC2F28FC242B00402617 /* Release */,
			);
			defaultConfigurationIsVisible = 0;
			defaultConfigurationName = Release;
		};
		C4EBCC3028FC242B00402617 /* Build configuration list for PBXNativeTarget "OP.GGCloneCoding" */ = {
			isa = XCConfigurationList;
			buildConfigurations = (
				C4EBCC3128FC242B00402617 /* Debug */,
				C4EBCC3228FC242B00402617 /* Release */,
			);
			defaultConfigurationIsVisible = 0;
			defaultConfigurationName = Release;
		};
/* End XCConfigurationList section */

/* Begin XCRemoteSwiftPackageReference section */
		C41BF02228FD4D90008D0BD8 /* XCRemoteSwiftPackageReference "lottie-ios" */ = {
			isa = XCRemoteSwiftPackageReference;
			repositoryURL = "https://github.com/airbnb/lottie-ios";
			requirement = {
				kind = upToNextMajorVersion;
				minimumVersion = 3.0.0;
			};
		};
/* End XCRemoteSwiftPackageReference section */

/* Begin XCSwiftPackageProductDependency section */
		C41BF02328FD4D90008D0BD8 /* Lottie */ = {
			isa = XCSwiftPackageProductDependency;
			package = C41BF02228FD4D90008D0BD8 /* XCRemoteSwiftPackageReference "lottie-ios" */;
			productName = Lottie;
		};
/* End XCSwiftPackageProductDependency section */
	};
	rootObject = C4EBCC1428FC242900402617 /* Project object */;
}
